// !$*UTF8*$!
{
	archiveVersion = 1;
	classes = {
	};
	objectVersion = 55;
	objects = {

/* Begin PBXBuildFile section */
		07C536E0DE68A89A22F85485 /* libPods-ParentDriver.a in Frameworks */ = {isa = PBXBuildFile; fileRef = A9571BF5AC97EA2851F683FB /* libPods-ParentDriver.a */; };
		620C94142720A401001EA349 /* AppDelegate.swift in Sources */ = {isa = PBXBuildFile; fileRef = 620C94132720A401001EA349 /* AppDelegate.swift */; };
		620C941D2720A404001EA349 /* Assets.xcassets in Resources */ = {isa = PBXBuildFile; fileRef = 620C941C2720A404001EA349 /* Assets.xcassets */; };
		620C94202720A404001EA349 /* LaunchScreen.storyboard in Resources */ = {isa = PBXBuildFile; fileRef = 620C941E2720A404001EA349 /* LaunchScreen.storyboard */; };
		620C94352720A591001EA349 /* Defines.swift in Sources */ = {isa = PBXBuildFile; fileRef = 620C94342720A591001EA349 /* Defines.swift */; };
		620C94372720A59E001EA349 /* CustomErrorCodes.swift in Sources */ = {isa = PBXBuildFile; fileRef = 620C94362720A59E001EA349 /* CustomErrorCodes.swift */; };
		620C94392720A5A6001EA349 /* AppConfig.swift in Sources */ = {isa = PBXBuildFile; fileRef = 620C94382720A5A6001EA349 /* AppConfig.swift */; };
		620C943B2720A5B2001EA349 /* AppTypealiases.swift in Sources */ = {isa = PBXBuildFile; fileRef = 620C943A2720A5B2001EA349 /* AppTypealiases.swift */; };
		620C94622720A8FB001EA349 /* Hapday+UITableView+Init.swift in Sources */ = {isa = PBXBuildFile; fileRef = 620C94482720A8FA001EA349 /* Hapday+UITableView+Init.swift */; };
		620C94632720A8FB001EA349 /* HapDay+Loadable.swift in Sources */ = {isa = PBXBuildFile; fileRef = 620C94492720A8FA001EA349 /* HapDay+Loadable.swift */; };
		620C94642720A8FB001EA349 /* Hapday+UIButton.swift in Sources */ = {isa = PBXBuildFile; fileRef = 620C944A2720A8FA001EA349 /* Hapday+UIButton.swift */; };
		620C94652720A8FB001EA349 /* HapDay+View+Blur.swift in Sources */ = {isa = PBXBuildFile; fileRef = 620C944B2720A8FA001EA349 /* HapDay+View+Blur.swift */; };
		620C94662720A8FB001EA349 /* HapDay+ViewController.swift in Sources */ = {isa = PBXBuildFile; fileRef = 620C944C2720A8FB001EA349 /* HapDay+ViewController.swift */; };
		620C94682720A8FB001EA349 /* HappyHabits+MVVM.swift in Sources */ = {isa = PBXBuildFile; fileRef = 620C944E2720A8FB001EA349 /* HappyHabits+MVVM.swift */; };
		620C94692720A8FB001EA349 /* MyHappyHabbits+UIButton.swift in Sources */ = {isa = PBXBuildFile; fileRef = 620C944F2720A8FB001EA349 /* MyHappyHabbits+UIButton.swift */; };
		620C946A2720A8FB001EA349 /* HapDay+String.swift in Sources */ = {isa = PBXBuildFile; fileRef = 620C94502720A8FB001EA349 /* HapDay+String.swift */; };
		620C946B2720A8FB001EA349 /* Hapday+CGPoint.swift in Sources */ = {isa = PBXBuildFile; fileRef = 620C94512720A8FB001EA349 /* Hapday+CGPoint.swift */; };
		620C946C2720A8FB001EA349 /* Hapday+CGSize.swift in Sources */ = {isa = PBXBuildFile; fileRef = 620C94522720A8FB001EA349 /* Hapday+CGSize.swift */; };
		620C946D2720A8FB001EA349 /* Hapday+Int.swift in Sources */ = {isa = PBXBuildFile; fileRef = 620C94532720A8FB001EA349 /* Hapday+Int.swift */; };
		620C946E2720A8FB001EA349 /* HapDay+ActivityIndicator.swift in Sources */ = {isa = PBXBuildFile; fileRef = 620C94542720A8FB001EA349 /* HapDay+ActivityIndicator.swift */; };
		620C946F2720A8FB001EA349 /* Hapday+UIPangGetestureRecognizer.swift in Sources */ = {isa = PBXBuildFile; fileRef = 620C94552720A8FB001EA349 /* Hapday+UIPangGetestureRecognizer.swift */; };
		620C94702720A8FB001EA349 /* HapDay+Collection.swift in Sources */ = {isa = PBXBuildFile; fileRef = 620C94562720A8FB001EA349 /* HapDay+Collection.swift */; };
		620C94712720A8FB001EA349 /* Hapday+FloatingPoint.swift in Sources */ = {isa = PBXBuildFile; fileRef = 620C94572720A8FB001EA349 /* Hapday+FloatingPoint.swift */; };
		620C94722720A8FB001EA349 /* HapDay+View.swift in Sources */ = {isa = PBXBuildFile; fileRef = 620C94582720A8FB001EA349 /* HapDay+View.swift */; };
		620C94732720A8FB001EA349 /* Hapday+Optional.swift in Sources */ = {isa = PBXBuildFile; fileRef = 620C94592720A8FB001EA349 /* Hapday+Optional.swift */; };
		620C94742720A8FB001EA349 /* HapDay+TextView.swift in Sources */ = {isa = PBXBuildFile; fileRef = 620C945A2720A8FB001EA349 /* HapDay+TextView.swift */; };
		620C94762720A8FB001EA349 /* Hapday+NotificationName.swift in Sources */ = {isa = PBXBuildFile; fileRef = 620C945C2720A8FB001EA349 /* Hapday+NotificationName.swift */; };
		620C94772720A8FB001EA349 /* HapDay+Date.swift in Sources */ = {isa = PBXBuildFile; fileRef = 620C945D2720A8FB001EA349 /* HapDay+Date.swift */; };
		620C94782720A8FB001EA349 /* HapDay+Color.swift in Sources */ = {isa = PBXBuildFile; fileRef = 620C945E2720A8FB001EA349 /* HapDay+Color.swift */; };
		620C94792720A8FB001EA349 /* HapDay+NSTimeInterval.swift in Sources */ = {isa = PBXBuildFile; fileRef = 620C945F2720A8FB001EA349 /* HapDay+NSTimeInterval.swift */; };
		620C947A2720A8FB001EA349 /* HapDay+UIDevice.swift in Sources */ = {isa = PBXBuildFile; fileRef = 620C94602720A8FB001EA349 /* HapDay+UIDevice.swift */; };
		620C947B2720A8FB001EA349 /* HapDay+View+Animation.swift in Sources */ = {isa = PBXBuildFile; fileRef = 620C94612720A8FB001EA349 /* HapDay+View+Animation.swift */; };
		620C947E2720A922001EA349 /* UserDefaultsProperyWrapper.swift in Sources */ = {isa = PBXBuildFile; fileRef = 620C947C2720A922001EA349 /* UserDefaultsProperyWrapper.swift */; };
		620C947F2720A922001EA349 /* UserDefaultValues.swift in Sources */ = {isa = PBXBuildFile; fileRef = 620C947D2720A922001EA349 /* UserDefaultValues.swift */; };
		620C94832720A94A001EA349 /* Handler.swift in Sources */ = {isa = PBXBuildFile; fileRef = 620C94802720A94A001EA349 /* Handler.swift */; };
		620C94842720A94A001EA349 /* MainRequestBuilder.swift in Sources */ = {isa = PBXBuildFile; fileRef = 620C94812720A94A001EA349 /* MainRequestBuilder.swift */; };
		620C94852720A94A001EA349 /* RemoteStore+Combine.swift in Sources */ = {isa = PBXBuildFile; fileRef = 620C94822720A94A001EA349 /* RemoteStore+Combine.swift */; };
		620C94872720A98F001EA349 /* Validator.swift in Sources */ = {isa = PBXBuildFile; fileRef = 620C94862720A98F001EA349 /* Validator.swift */; };
		620C948A2720A9AB001EA349 /* ServiceLocator.swift in Sources */ = {isa = PBXBuildFile; fileRef = 620C94882720A9AA001EA349 /* ServiceLocator.swift */; };
		620C948B2720A9AB001EA349 /* DependencyProvider.swift in Sources */ = {isa = PBXBuildFile; fileRef = 620C94892720A9AB001EA349 /* DependencyProvider.swift */; };
		620C948D2720A9FA001EA349 /* API.swift in Sources */ = {isa = PBXBuildFile; fileRef = 620C948C2720A9FA001EA349 /* API.swift */; };
		620C94912720AA20001EA349 /* Interactor.swift in Sources */ = {isa = PBXBuildFile; fileRef = 620C948F2720AA20001EA349 /* Interactor.swift */; };
		620C94982720AA4F001EA349 /* WindowCoordinator.swift in Sources */ = {isa = PBXBuildFile; fileRef = 620C94932720AA4F001EA349 /* WindowCoordinator.swift */; };
		620C94992720AA4F001EA349 /* TabBarCoordinator.swift in Sources */ = {isa = PBXBuildFile; fileRef = 620C94942720AA4F001EA349 /* TabBarCoordinator.swift */; };
		620C949A2720AA4F001EA349 /* Coordinator.swift in Sources */ = {isa = PBXBuildFile; fileRef = 620C94952720AA4F001EA349 /* Coordinator.swift */; };
		620C949B2720AA4F001EA349 /* ViewControllerCoordinator.swift in Sources */ = {isa = PBXBuildFile; fileRef = 620C94962720AA4F001EA349 /* ViewControllerCoordinator.swift */; };
		620C949C2720AA4F001EA349 /* NavigationCoordinator.swift in Sources */ = {isa = PBXBuildFile; fileRef = 620C94972720AA4F001EA349 /* NavigationCoordinator.swift */; };
		620C949E2720AA6A001EA349 /* AppCoordinator.swift in Sources */ = {isa = PBXBuildFile; fileRef = 620C949D2720AA6A001EA349 /* AppCoordinator.swift */; };
		620C94A32720AB84001EA349 /* SelectableButton.swift in Sources */ = {isa = PBXBuildFile; fileRef = 620C949F2720AB84001EA349 /* SelectableButton.swift */; };
		620C94A42720AB84001EA349 /* BaseView.swift in Sources */ = {isa = PBXBuildFile; fileRef = 620C94A02720AB84001EA349 /* BaseView.swift */; };
		620C94A52720AB84001EA349 /* PrimaryButton.swift in Sources */ = {isa = PBXBuildFile; fileRef = 620C94A12720AB84001EA349 /* PrimaryButton.swift */; };
		620C94A62720AB84001EA349 /* ShadowView.swift in Sources */ = {isa = PBXBuildFile; fileRef = 620C94A22720AB84001EA349 /* ShadowView.swift */; };
		620C94AC2720ABEC001EA349 /* FloatingTextField+Type.swift in Sources */ = {isa = PBXBuildFile; fileRef = 620C94A82720ABEC001EA349 /* FloatingTextField+Type.swift */; };
		620C94AD2720ABEC001EA349 /* FloatingTextField+Extensions.swift in Sources */ = {isa = PBXBuildFile; fileRef = 620C94A92720ABEC001EA349 /* FloatingTextField+Extensions.swift */; };
		620C94AE2720ABEC001EA349 /* FloatingTextField+Delegate.swift in Sources */ = {isa = PBXBuildFile; fileRef = 620C94AA2720ABEC001EA349 /* FloatingTextField+Delegate.swift */; };
		620C94AF2720ABEC001EA349 /* FloatingTextField.swift in Sources */ = {isa = PBXBuildFile; fileRef = 620C94AB2720ABEC001EA349 /* FloatingTextField.swift */; };
		620C94B22720AD62001EA349 /* Repository in Frameworks */ = {isa = PBXBuildFile; productRef = 620C94B12720AD62001EA349 /* Repository */; };
		620C94B52720AE1B001EA349 /* IQKeyboardManagerSwift in Frameworks */ = {isa = PBXBuildFile; productRef = 620C94B42720AE1B001EA349 /* IQKeyboardManagerSwift */; };
		620C94B82720AE40001EA349 /* SnapKit in Frameworks */ = {isa = PBXBuildFile; productRef = 620C94B72720AE40001EA349 /* SnapKit */; };
		620C94C02720AF19001EA349 /* KeychainSwift in Frameworks */ = {isa = PBXBuildFile; productRef = 620C94BF2720AF19001EA349 /* KeychainSwift */; };
		620C94C32720B32E001EA349 /* Localizable.strings in Resources */ = {isa = PBXBuildFile; fileRef = 620C94C52720B32E001EA349 /* Localizable.strings */; };
		620C94C92720B858001EA349 /* ValidationInteractor.swift in Sources */ = {isa = PBXBuildFile; fileRef = 620C94C82720B858001EA349 /* ValidationInteractor.swift */; };
		620C94CB2720B860001EA349 /* R.generated.swift in Sources */ = {isa = PBXBuildFile; fileRef = 620C94CA2720B860001EA349 /* R.generated.swift */; };
		620C94CF2720BC31001EA349 /* TextFieldWithPicker.swift in Sources */ = {isa = PBXBuildFile; fileRef = 620C94CD2720BC31001EA349 /* TextFieldWithPicker.swift */; };
		620C94D02720BC31001EA349 /* TextField.swift in Sources */ = {isa = PBXBuildFile; fileRef = 620C94CE2720BC31001EA349 /* TextField.swift */; };
		620C94D22720BC7B001EA349 /* OvertouchButtom.swift in Sources */ = {isa = PBXBuildFile; fileRef = 620C94D12720BC7B001EA349 /* OvertouchButtom.swift */; };
		620C94E52721A9B0001EA349 /* SplashViewController.swift in Sources */ = {isa = PBXBuildFile; fileRef = 620C94E12721A9B0001EA349 /* SplashViewController.swift */; };
		620C94E62721A9B0001EA349 /* SplashViewModel.swift in Sources */ = {isa = PBXBuildFile; fileRef = 620C94E22721A9B0001EA349 /* SplashViewModel.swift */; };
		620C94E72721A9B0001EA349 /* SplashConfigurator.swift in Sources */ = {isa = PBXBuildFile; fileRef = 620C94E32721A9B0001EA349 /* SplashConfigurator.swift */; };
		620C94E82721A9B0001EA349 /* Splash+Public.swift in Sources */ = {isa = PBXBuildFile; fileRef = 620C94E42721A9B0001EA349 /* Splash+Public.swift */; };
		620C94EB2721AB5F001EA349 /* KeychainStore.swift in Sources */ = {isa = PBXBuildFile; fileRef = 620C94EA2721AB5F001EA349 /* KeychainStore.swift */; };
		620C94ED2721ADED001EA349 /* Token.swift in Sources */ = {isa = PBXBuildFile; fileRef = 620C94EC2721ADED001EA349 /* Token.swift */; };
		620C94EF2721B123001EA349 /* AuthCoordinator.swift in Sources */ = {isa = PBXBuildFile; fileRef = 620C94EE2721B123001EA349 /* AuthCoordinator.swift */; };
		620C94F62721B8C8001EA349 /* SignInViewController.swift in Sources */ = {isa = PBXBuildFile; fileRef = 620C94F22721B8C8001EA349 /* SignInViewController.swift */; };
		620C94F72721B8C8001EA349 /* SignInViewModel.swift in Sources */ = {isa = PBXBuildFile; fileRef = 620C94F32721B8C8001EA349 /* SignInViewModel.swift */; };
		620C94F82721B8C8001EA349 /* SignInConfigurator.swift in Sources */ = {isa = PBXBuildFile; fileRef = 620C94F42721B8C8001EA349 /* SignInConfigurator.swift */; };
		620C94F92721B8C8001EA349 /* SignIn+Public.swift in Sources */ = {isa = PBXBuildFile; fileRef = 620C94F52721B8C8001EA349 /* SignIn+Public.swift */; };
		620C94FB2721B9FE001EA349 /* StateButtton.swift in Sources */ = {isa = PBXBuildFile; fileRef = 620C94FA2721B9FE001EA349 /* StateButtton.swift */; };
		621306852728986400FD5220 /* MonitorBoarding.swift in Sources */ = {isa = PBXBuildFile; fileRef = 621306842728986400FD5220 /* MonitorBoarding.swift */; };
		62130687272898E100FD5220 /* MonitorBoardingRequests.swift in Sources */ = {isa = PBXBuildFile; fileRef = 62130686272898E100FD5220 /* MonitorBoardingRequests.swift */; };
		62130689272899A800FD5220 /* MonitorBoardingRepository.swift in Sources */ = {isa = PBXBuildFile; fileRef = 62130688272899A800FD5220 /* MonitorBoardingRepository.swift */; };
		6213068B27289A2F00FD5220 /* MonitorBoardingInteractor.swift in Sources */ = {isa = PBXBuildFile; fileRef = 6213068A27289A2F00FD5220 /* MonitorBoardingInteractor.swift */; };
		62130693272931A200FD5220 /* AddStudentViewController.swift in Sources */ = {isa = PBXBuildFile; fileRef = 6213068F272931A200FD5220 /* AddStudentViewController.swift */; };
		62130694272931A200FD5220 /* AddStudentViewModel.swift in Sources */ = {isa = PBXBuildFile; fileRef = 62130690272931A200FD5220 /* AddStudentViewModel.swift */; };
		62130695272931A200FD5220 /* AddStudentConfigurator.swift in Sources */ = {isa = PBXBuildFile; fileRef = 62130691272931A200FD5220 /* AddStudentConfigurator.swift */; };
		62130696272931A200FD5220 /* AddStudent+Public.swift in Sources */ = {isa = PBXBuildFile; fileRef = 62130692272931A200FD5220 /* AddStudent+Public.swift */; };
		6213069927295BF500FD5220 /* MonitorBoardingCell.swift in Sources */ = {isa = PBXBuildFile; fileRef = 6213069827295BF500FD5220 /* MonitorBoardingCell.swift */; };
		6213069C27295CF700FD5220 /* MonitorBoardingUIModel.swift in Sources */ = {isa = PBXBuildFile; fileRef = 6213069B27295CF700FD5220 /* MonitorBoardingUIModel.swift */; };
		6213069E27297F1B00FD5220 /* TitleValueView.swift in Sources */ = {isa = PBXBuildFile; fileRef = 6213069D27297F1B00FD5220 /* TitleValueView.swift */; };
		621306A0272AF66400FD5220 /* MonitorBoardingCoordinator.swift in Sources */ = {isa = PBXBuildFile; fileRef = 6213069F272AF66400FD5220 /* MonitorBoardingCoordinator.swift */; };
		621306A4272AFC2D00FD5220 /* SearchView.swift in Sources */ = {isa = PBXBuildFile; fileRef = 621306A3272AFC2D00FD5220 /* SearchView.swift */; };
		621306AA272C1DCD00FD5220 /* Action.swift in Sources */ = {isa = PBXBuildFile; fileRef = 621306A9272C1DCD00FD5220 /* Action.swift */; };
		628C0DCB2735612700954A88 /* LocationInteractor.swift in Sources */ = {isa = PBXBuildFile; fileRef = 628C0DCA2735612700954A88 /* LocationInteractor.swift */; };
		628C0DCD2735615100954A88 /* LocationRepository.swift in Sources */ = {isa = PBXBuildFile; fileRef = 628C0DCC2735615100954A88 /* LocationRepository.swift */; };
		628C0DCF273561A700954A88 /* WP+CLLocation.swift in Sources */ = {isa = PBXBuildFile; fileRef = 628C0DCE273561A700954A88 /* WP+CLLocation.swift */; };
		62919019272C271E00C4C0DE /* StudentRequests.swift in Sources */ = {isa = PBXBuildFile; fileRef = 62919018272C271E00C4C0DE /* StudentRequests.swift */; };
		6291901B272C27F200C4C0DE /* StudentRepository.swift in Sources */ = {isa = PBXBuildFile; fileRef = 6291901A272C27F200C4C0DE /* StudentRepository.swift */; };
		6291901D272C287200C4C0DE /* Student.swift in Sources */ = {isa = PBXBuildFile; fileRef = 6291901C272C287200C4C0DE /* Student.swift */; };
		6291901F272C292500C4C0DE /* StudentInteractor.swift in Sources */ = {isa = PBXBuildFile; fileRef = 6291901E272C292500C4C0DE /* StudentInteractor.swift */; };
		62C49EEF272527060008F239 /* AuthInteractor.swift in Sources */ = {isa = PBXBuildFile; fileRef = 62C49EEE272527060008F239 /* AuthInteractor.swift */; };
		62DA6AA627252E660070C832 /* GoogleService-Info.plist in Resources */ = {isa = PBXBuildFile; fileRef = 62DA6AA527252E660070C832 /* GoogleService-Info.plist */; };
		62DA6AA9272536620070C832 /* AuthResponse.swift in Sources */ = {isa = PBXBuildFile; fileRef = 62DA6AA8272536620070C832 /* AuthResponse.swift */; };
		62DA6AAB272537090070C832 /* User.swift in Sources */ = {isa = PBXBuildFile; fileRef = 62DA6AAA272537090070C832 /* User.swift */; };
		62DA6AAF2725388E0070C832 /* MainSessionManager.swift in Sources */ = {isa = PBXBuildFile; fileRef = 62DA6AAD2725388E0070C832 /* MainSessionManager.swift */; };
		62DA6AB02725388E0070C832 /* DefaultSessionManager.swift in Sources */ = {isa = PBXBuildFile; fileRef = 62DA6AAE2725388E0070C832 /* DefaultSessionManager.swift */; };
		62DA6AB2272541D60070C832 /* AuthRequests.swift in Sources */ = {isa = PBXBuildFile; fileRef = 62DA6AB1272541D60070C832 /* AuthRequests.swift */; };
		62DA6AB4272542C10070C832 /* AuthRepository.swift in Sources */ = {isa = PBXBuildFile; fileRef = 62DA6AB3272542C10070C832 /* AuthRepository.swift */; };
		62DA6ABA27260A9C0070C832 /* SelectBusViewController.swift in Sources */ = {isa = PBXBuildFile; fileRef = 62DA6AB627260A9C0070C832 /* SelectBusViewController.swift */; };
		62DA6ABB27260A9C0070C832 /* SelectBusViewModel.swift in Sources */ = {isa = PBXBuildFile; fileRef = 62DA6AB727260A9C0070C832 /* SelectBusViewModel.swift */; };
		62DA6ABC27260A9C0070C832 /* SelectBusConfigurator.swift in Sources */ = {isa = PBXBuildFile; fileRef = 62DA6AB827260A9C0070C832 /* SelectBusConfigurator.swift */; };
		62DA6ABD27260A9C0070C832 /* SelectBus+Public.swift in Sources */ = {isa = PBXBuildFile; fileRef = 62DA6AB927260A9C0070C832 /* SelectBus+Public.swift */; };
		62DA6ABF27260D350070C832 /* Bus.swift in Sources */ = {isa = PBXBuildFile; fileRef = 62DA6ABE27260D350070C832 /* Bus.swift */; };
		62DA6AC127260DC40070C832 /* BusRequests.swift in Sources */ = {isa = PBXBuildFile; fileRef = 62DA6AC027260DC40070C832 /* BusRequests.swift */; };
		62DA6AC327260E140070C832 /* BusRepository.swift in Sources */ = {isa = PBXBuildFile; fileRef = 62DA6AC227260E140070C832 /* BusRepository.swift */; };
		62DA6AC527260EEF0070C832 /* AppStateProvidable.swift in Sources */ = {isa = PBXBuildFile; fileRef = 62DA6AC427260EEF0070C832 /* AppStateProvidable.swift */; };
		62DA6AC7272611380070C832 /* BusInteractor.swift in Sources */ = {isa = PBXBuildFile; fileRef = 62DA6AC6272611380070C832 /* BusInteractor.swift */; };
		62DA6ACA27267EA90070C832 /* SideMenu in Frameworks */ = {isa = PBXBuildFile; productRef = 62DA6AC927267EA90070C832 /* SideMenu */; };
		62DA6AD5272681F90070C832 /* MenuViewController.swift in Sources */ = {isa = PBXBuildFile; fileRef = 62DA6AD1272681F90070C832 /* MenuViewController.swift */; };
		62DA6AD6272681F90070C832 /* MenuViewModel.swift in Sources */ = {isa = PBXBuildFile; fileRef = 62DA6AD2272681F90070C832 /* MenuViewModel.swift */; };
		62DA6AD7272681F90070C832 /* MenuConfigurator.swift in Sources */ = {isa = PBXBuildFile; fileRef = 62DA6AD3272681F90070C832 /* MenuConfigurator.swift */; };
		62DA6AD8272681F90070C832 /* Menu+Public.swift in Sources */ = {isa = PBXBuildFile; fileRef = 62DA6AD4272681F90070C832 /* Menu+Public.swift */; };
		62DA6ADA272682410070C832 /* MenuItem.swift in Sources */ = {isa = PBXBuildFile; fileRef = 62DA6AD9272682410070C832 /* MenuItem.swift */; };
		62DA6ADC2726884B0070C832 /* NavigationHolderController.swift in Sources */ = {isa = PBXBuildFile; fileRef = 62DA6ADB2726884B0070C832 /* NavigationHolderController.swift */; };
		62DA6ADE27268D410070C832 /* ParentDriver+UIBarButtonItem.swift in Sources */ = {isa = PBXBuildFile; fileRef = 62DA6ADD27268D410070C832 /* ParentDriver+UIBarButtonItem.swift */; };
		62DA6AE027268F660070C832 /* MenuCoordinator.swift in Sources */ = {isa = PBXBuildFile; fileRef = 62DA6ADF27268F660070C832 /* MenuCoordinator.swift */; };
		62DA6AE8272693B70070C832 /* DashboardViewController.swift in Sources */ = {isa = PBXBuildFile; fileRef = 62DA6AE4272693B70070C832 /* DashboardViewController.swift */; };
		62DA6AE9272693B70070C832 /* DashboardViewModel.swift in Sources */ = {isa = PBXBuildFile; fileRef = 62DA6AE5272693B70070C832 /* DashboardViewModel.swift */; };
		62DA6AEA272693B70070C832 /* DashboardConfigurator.swift in Sources */ = {isa = PBXBuildFile; fileRef = 62DA6AE6272693B70070C832 /* DashboardConfigurator.swift */; };
		62DA6AEB272693B70070C832 /* Dashboard+Public.swift in Sources */ = {isa = PBXBuildFile; fileRef = 62DA6AE7272693B70070C832 /* Dashboard+Public.swift */; };
		62DA6AF0272693DD0070C832 /* BusInspectionViewController.swift in Sources */ = {isa = PBXBuildFile; fileRef = 62DA6AEC272693DD0070C832 /* BusInspectionViewController.swift */; };
		62DA6AF1272693DD0070C832 /* BusInspectionViewModel.swift in Sources */ = {isa = PBXBuildFile; fileRef = 62DA6AED272693DD0070C832 /* BusInspectionViewModel.swift */; };
		62DA6AF2272693DD0070C832 /* BusInspectionConfigurator.swift in Sources */ = {isa = PBXBuildFile; fileRef = 62DA6AEE272693DD0070C832 /* BusInspectionConfigurator.swift */; };
		62DA6AF3272693DD0070C832 /* BusInspection+Public.swift in Sources */ = {isa = PBXBuildFile; fileRef = 62DA6AEF272693DD0070C832 /* BusInspection+Public.swift */; };
		62DA6AFA272694090070C832 /* MonitorBoardingViewController.swift in Sources */ = {isa = PBXBuildFile; fileRef = 62DA6AF6272694090070C832 /* MonitorBoardingViewController.swift */; };
		62DA6AFB272694090070C832 /* MonitorBoardingViewModel.swift in Sources */ = {isa = PBXBuildFile; fileRef = 62DA6AF7272694090070C832 /* MonitorBoardingViewModel.swift */; };
		62DA6AFC272694090070C832 /* MonitorBoardingConfigurator.swift in Sources */ = {isa = PBXBuildFile; fileRef = 62DA6AF8272694090070C832 /* MonitorBoardingConfigurator.swift */; };
		62DA6AFD272694090070C832 /* MonitorBoarding+Public.swift in Sources */ = {isa = PBXBuildFile; fileRef = 62DA6AF9272694090070C832 /* MonitorBoarding+Public.swift */; };
		62DA6B022726941F0070C832 /* RidersheepChangesViewController.swift in Sources */ = {isa = PBXBuildFile; fileRef = 62DA6AFE2726941F0070C832 /* RidersheepChangesViewController.swift */; };
		62DA6B032726941F0070C832 /* RidersheepChangesViewModel.swift in Sources */ = {isa = PBXBuildFile; fileRef = 62DA6AFF2726941F0070C832 /* RidersheepChangesViewModel.swift */; };
		62DA6B042726941F0070C832 /* RidersheepChangesConfigurator.swift in Sources */ = {isa = PBXBuildFile; fileRef = 62DA6B002726941F0070C832 /* RidersheepChangesConfigurator.swift */; };
		62DA6B052726941F0070C832 /* RidersheepChanges+Public.swift in Sources */ = {isa = PBXBuildFile; fileRef = 62DA6B012726941F0070C832 /* RidersheepChanges+Public.swift */; };
		C70D37792728A7E40080A49A /* SignUpViewController.swift in Sources */ = {isa = PBXBuildFile; fileRef = C70D37782728A7E40080A49A /* SignUpViewController.swift */; };
		C70D377B2728A7F50080A49A /* SignUpViewModel.swift in Sources */ = {isa = PBXBuildFile; fileRef = C70D377A2728A7F50080A49A /* SignUpViewModel.swift */; };
		C70D377D2728A8080080A49A /* SignUpConfigurator.swift in Sources */ = {isa = PBXBuildFile; fileRef = C70D377C2728A8080080A49A /* SignUpConfigurator.swift */; };
		C70D377F2728A8170080A49A /* SignUp+Public.swift in Sources */ = {isa = PBXBuildFile; fileRef = C70D377E2728A8170080A49A /* SignUp+Public.swift */; };
		C70D3783272B2E260080A49A /* AuthViewProtocol.swift in Sources */ = {isa = PBXBuildFile; fileRef = C70D3782272B2E260080A49A /* AuthViewProtocol.swift */; };
/* End PBXBuildFile section */

/* Begin PBXFileReference section */
		613FBD22746F2933B3AB93C9 /* Pods-ParentDriver.release.xcconfig */ = {isa = PBXFileReference; includeInIndex = 1; lastKnownFileType = text.xcconfig; name = "Pods-ParentDriver.release.xcconfig"; path = "Target Support Files/Pods-ParentDriver/Pods-ParentDriver.release.xcconfig"; sourceTree = "<group>"; };
		620C94102720A401001EA349 /* ParentDriver.app */ = {isa = PBXFileReference; explicitFileType = wrapper.application; includeInIndex = 0; path = ParentDriver.app; sourceTree = BUILT_PRODUCTS_DIR; };
		620C94132720A401001EA349 /* AppDelegate.swift */ = {isa = PBXFileReference; lastKnownFileType = sourcecode.swift; path = AppDelegate.swift; sourceTree = "<group>"; };
		620C941C2720A404001EA349 /* Assets.xcassets */ = {isa = PBXFileReference; lastKnownFileType = folder.assetcatalog; path = Assets.xcassets; sourceTree = "<group>"; };
		620C941F2720A404001EA349 /* Base */ = {isa = PBXFileReference; lastKnownFileType = file.storyboard; name = Base; path = Base.lproj/LaunchScreen.storyboard; sourceTree = "<group>"; };
		620C94212720A404001EA349 /* Info.plist */ = {isa = PBXFileReference; lastKnownFileType = text.plist.xml; path = Info.plist; sourceTree = "<group>"; };
		620C94342720A591001EA349 /* Defines.swift */ = {isa = PBXFileReference; lastKnownFileType = sourcecode.swift; path = Defines.swift; sourceTree = "<group>"; };
		620C94362720A59E001EA349 /* CustomErrorCodes.swift */ = {isa = PBXFileReference; lastKnownFileType = sourcecode.swift; path = CustomErrorCodes.swift; sourceTree = "<group>"; };
		620C94382720A5A6001EA349 /* AppConfig.swift */ = {isa = PBXFileReference; lastKnownFileType = sourcecode.swift; path = AppConfig.swift; sourceTree = "<group>"; };
		620C943A2720A5B2001EA349 /* AppTypealiases.swift */ = {isa = PBXFileReference; lastKnownFileType = sourcecode.swift; path = AppTypealiases.swift; sourceTree = "<group>"; };
		620C94482720A8FA001EA349 /* Hapday+UITableView+Init.swift */ = {isa = PBXFileReference; fileEncoding = 4; lastKnownFileType = sourcecode.swift; path = "Hapday+UITableView+Init.swift"; sourceTree = "<group>"; };
		620C94492720A8FA001EA349 /* HapDay+Loadable.swift */ = {isa = PBXFileReference; fileEncoding = 4; lastKnownFileType = sourcecode.swift; path = "HapDay+Loadable.swift"; sourceTree = "<group>"; };
		620C944A2720A8FA001EA349 /* Hapday+UIButton.swift */ = {isa = PBXFileReference; fileEncoding = 4; lastKnownFileType = sourcecode.swift; path = "Hapday+UIButton.swift"; sourceTree = "<group>"; };
		620C944B2720A8FA001EA349 /* HapDay+View+Blur.swift */ = {isa = PBXFileReference; fileEncoding = 4; lastKnownFileType = sourcecode.swift; path = "HapDay+View+Blur.swift"; sourceTree = "<group>"; };
		620C944C2720A8FB001EA349 /* HapDay+ViewController.swift */ = {isa = PBXFileReference; fileEncoding = 4; lastKnownFileType = sourcecode.swift; path = "HapDay+ViewController.swift"; sourceTree = "<group>"; };
		620C944E2720A8FB001EA349 /* HappyHabits+MVVM.swift */ = {isa = PBXFileReference; fileEncoding = 4; lastKnownFileType = sourcecode.swift; path = "HappyHabits+MVVM.swift"; sourceTree = "<group>"; };
		620C944F2720A8FB001EA349 /* MyHappyHabbits+UIButton.swift */ = {isa = PBXFileReference; fileEncoding = 4; lastKnownFileType = sourcecode.swift; path = "MyHappyHabbits+UIButton.swift"; sourceTree = "<group>"; };
		620C94502720A8FB001EA349 /* HapDay+String.swift */ = {isa = PBXFileReference; fileEncoding = 4; lastKnownFileType = sourcecode.swift; path = "HapDay+String.swift"; sourceTree = "<group>"; };
		620C94512720A8FB001EA349 /* Hapday+CGPoint.swift */ = {isa = PBXFileReference; fileEncoding = 4; lastKnownFileType = sourcecode.swift; path = "Hapday+CGPoint.swift"; sourceTree = "<group>"; };
		620C94522720A8FB001EA349 /* Hapday+CGSize.swift */ = {isa = PBXFileReference; fileEncoding = 4; lastKnownFileType = sourcecode.swift; path = "Hapday+CGSize.swift"; sourceTree = "<group>"; };
		620C94532720A8FB001EA349 /* Hapday+Int.swift */ = {isa = PBXFileReference; fileEncoding = 4; lastKnownFileType = sourcecode.swift; path = "Hapday+Int.swift"; sourceTree = "<group>"; };
		620C94542720A8FB001EA349 /* HapDay+ActivityIndicator.swift */ = {isa = PBXFileReference; fileEncoding = 4; lastKnownFileType = sourcecode.swift; path = "HapDay+ActivityIndicator.swift"; sourceTree = "<group>"; };
		620C94552720A8FB001EA349 /* Hapday+UIPangGetestureRecognizer.swift */ = {isa = PBXFileReference; fileEncoding = 4; lastKnownFileType = sourcecode.swift; path = "Hapday+UIPangGetestureRecognizer.swift"; sourceTree = "<group>"; };
		620C94562720A8FB001EA349 /* HapDay+Collection.swift */ = {isa = PBXFileReference; fileEncoding = 4; lastKnownFileType = sourcecode.swift; path = "HapDay+Collection.swift"; sourceTree = "<group>"; };
		620C94572720A8FB001EA349 /* Hapday+FloatingPoint.swift */ = {isa = PBXFileReference; fileEncoding = 4; lastKnownFileType = sourcecode.swift; path = "Hapday+FloatingPoint.swift"; sourceTree = "<group>"; };
		620C94582720A8FB001EA349 /* HapDay+View.swift */ = {isa = PBXFileReference; fileEncoding = 4; lastKnownFileType = sourcecode.swift; path = "HapDay+View.swift"; sourceTree = "<group>"; };
		620C94592720A8FB001EA349 /* Hapday+Optional.swift */ = {isa = PBXFileReference; fileEncoding = 4; lastKnownFileType = sourcecode.swift; path = "Hapday+Optional.swift"; sourceTree = "<group>"; };
		620C945A2720A8FB001EA349 /* HapDay+TextView.swift */ = {isa = PBXFileReference; fileEncoding = 4; lastKnownFileType = sourcecode.swift; path = "HapDay+TextView.swift"; sourceTree = "<group>"; };
		620C945C2720A8FB001EA349 /* Hapday+NotificationName.swift */ = {isa = PBXFileReference; fileEncoding = 4; lastKnownFileType = sourcecode.swift; path = "Hapday+NotificationName.swift"; sourceTree = "<group>"; };
		620C945D2720A8FB001EA349 /* HapDay+Date.swift */ = {isa = PBXFileReference; fileEncoding = 4; lastKnownFileType = sourcecode.swift; path = "HapDay+Date.swift"; sourceTree = "<group>"; };
		620C945E2720A8FB001EA349 /* HapDay+Color.swift */ = {isa = PBXFileReference; fileEncoding = 4; lastKnownFileType = sourcecode.swift; path = "HapDay+Color.swift"; sourceTree = "<group>"; };
		620C945F2720A8FB001EA349 /* HapDay+NSTimeInterval.swift */ = {isa = PBXFileReference; fileEncoding = 4; lastKnownFileType = sourcecode.swift; path = "HapDay+NSTimeInterval.swift"; sourceTree = "<group>"; };
		620C94602720A8FB001EA349 /* HapDay+UIDevice.swift */ = {isa = PBXFileReference; fileEncoding = 4; lastKnownFileType = sourcecode.swift; path = "HapDay+UIDevice.swift"; sourceTree = "<group>"; };
		620C94612720A8FB001EA349 /* HapDay+View+Animation.swift */ = {isa = PBXFileReference; fileEncoding = 4; lastKnownFileType = sourcecode.swift; path = "HapDay+View+Animation.swift"; sourceTree = "<group>"; };
		620C947C2720A922001EA349 /* UserDefaultsProperyWrapper.swift */ = {isa = PBXFileReference; fileEncoding = 4; lastKnownFileType = sourcecode.swift; path = UserDefaultsProperyWrapper.swift; sourceTree = "<group>"; };
		620C947D2720A922001EA349 /* UserDefaultValues.swift */ = {isa = PBXFileReference; fileEncoding = 4; lastKnownFileType = sourcecode.swift; path = UserDefaultValues.swift; sourceTree = "<group>"; };
		620C94802720A94A001EA349 /* Handler.swift */ = {isa = PBXFileReference; fileEncoding = 4; lastKnownFileType = sourcecode.swift; path = Handler.swift; sourceTree = "<group>"; };
		620C94812720A94A001EA349 /* MainRequestBuilder.swift */ = {isa = PBXFileReference; fileEncoding = 4; lastKnownFileType = sourcecode.swift; path = MainRequestBuilder.swift; sourceTree = "<group>"; };
		620C94822720A94A001EA349 /* RemoteStore+Combine.swift */ = {isa = PBXFileReference; fileEncoding = 4; lastKnownFileType = sourcecode.swift; path = "RemoteStore+Combine.swift"; sourceTree = "<group>"; };
		620C94862720A98F001EA349 /* Validator.swift */ = {isa = PBXFileReference; fileEncoding = 4; lastKnownFileType = sourcecode.swift; path = Validator.swift; sourceTree = "<group>"; };
		620C94882720A9AA001EA349 /* ServiceLocator.swift */ = {isa = PBXFileReference; fileEncoding = 4; lastKnownFileType = sourcecode.swift; path = ServiceLocator.swift; sourceTree = "<group>"; };
		620C94892720A9AB001EA349 /* DependencyProvider.swift */ = {isa = PBXFileReference; fileEncoding = 4; lastKnownFileType = sourcecode.swift; path = DependencyProvider.swift; sourceTree = "<group>"; };
		620C948C2720A9FA001EA349 /* API.swift */ = {isa = PBXFileReference; fileEncoding = 4; lastKnownFileType = sourcecode.swift; path = API.swift; sourceTree = "<group>"; };
		620C948F2720AA20001EA349 /* Interactor.swift */ = {isa = PBXFileReference; fileEncoding = 4; lastKnownFileType = sourcecode.swift; path = Interactor.swift; sourceTree = "<group>"; };
		620C94932720AA4F001EA349 /* WindowCoordinator.swift */ = {isa = PBXFileReference; fileEncoding = 4; lastKnownFileType = sourcecode.swift; path = WindowCoordinator.swift; sourceTree = "<group>"; };
		620C94942720AA4F001EA349 /* TabBarCoordinator.swift */ = {isa = PBXFileReference; fileEncoding = 4; lastKnownFileType = sourcecode.swift; path = TabBarCoordinator.swift; sourceTree = "<group>"; };
		620C94952720AA4F001EA349 /* Coordinator.swift */ = {isa = PBXFileReference; fileEncoding = 4; lastKnownFileType = sourcecode.swift; path = Coordinator.swift; sourceTree = "<group>"; };
		620C94962720AA4F001EA349 /* ViewControllerCoordinator.swift */ = {isa = PBXFileReference; fileEncoding = 4; lastKnownFileType = sourcecode.swift; path = ViewControllerCoordinator.swift; sourceTree = "<group>"; };
		620C94972720AA4F001EA349 /* NavigationCoordinator.swift */ = {isa = PBXFileReference; fileEncoding = 4; lastKnownFileType = sourcecode.swift; path = NavigationCoordinator.swift; sourceTree = "<group>"; };
		620C949D2720AA6A001EA349 /* AppCoordinator.swift */ = {isa = PBXFileReference; fileEncoding = 4; lastKnownFileType = sourcecode.swift; path = AppCoordinator.swift; sourceTree = "<group>"; };
		620C949F2720AB84001EA349 /* SelectableButton.swift */ = {isa = PBXFileReference; fileEncoding = 4; lastKnownFileType = sourcecode.swift; path = SelectableButton.swift; sourceTree = "<group>"; };
		620C94A02720AB84001EA349 /* BaseView.swift */ = {isa = PBXFileReference; fileEncoding = 4; lastKnownFileType = sourcecode.swift; path = BaseView.swift; sourceTree = "<group>"; };
		620C94A12720AB84001EA349 /* PrimaryButton.swift */ = {isa = PBXFileReference; fileEncoding = 4; lastKnownFileType = sourcecode.swift; path = PrimaryButton.swift; sourceTree = "<group>"; };
		620C94A22720AB84001EA349 /* ShadowView.swift */ = {isa = PBXFileReference; fileEncoding = 4; lastKnownFileType = sourcecode.swift; path = ShadowView.swift; sourceTree = "<group>"; };
		620C94A82720ABEC001EA349 /* FloatingTextField+Type.swift */ = {isa = PBXFileReference; fileEncoding = 4; lastKnownFileType = sourcecode.swift; path = "FloatingTextField+Type.swift"; sourceTree = "<group>"; };
		620C94A92720ABEC001EA349 /* FloatingTextField+Extensions.swift */ = {isa = PBXFileReference; fileEncoding = 4; lastKnownFileType = sourcecode.swift; path = "FloatingTextField+Extensions.swift"; sourceTree = "<group>"; };
		620C94AA2720ABEC001EA349 /* FloatingTextField+Delegate.swift */ = {isa = PBXFileReference; fileEncoding = 4; lastKnownFileType = sourcecode.swift; path = "FloatingTextField+Delegate.swift"; sourceTree = "<group>"; };
		620C94AB2720ABEC001EA349 /* FloatingTextField.swift */ = {isa = PBXFileReference; fileEncoding = 4; lastKnownFileType = sourcecode.swift; path = FloatingTextField.swift; sourceTree = "<group>"; };
		620C94C42720B32E001EA349 /* en */ = {isa = PBXFileReference; lastKnownFileType = text.plist.strings; name = en; path = en.lproj/Localizable.strings; sourceTree = "<group>"; };
		620C94C82720B858001EA349 /* ValidationInteractor.swift */ = {isa = PBXFileReference; fileEncoding = 4; lastKnownFileType = sourcecode.swift; path = ValidationInteractor.swift; sourceTree = "<group>"; };
		620C94CA2720B860001EA349 /* R.generated.swift */ = {isa = PBXFileReference; fileEncoding = 4; lastKnownFileType = sourcecode.swift; path = R.generated.swift; sourceTree = SOURCE_ROOT; };
		620C94CD2720BC31001EA349 /* TextFieldWithPicker.swift */ = {isa = PBXFileReference; fileEncoding = 4; lastKnownFileType = sourcecode.swift; path = TextFieldWithPicker.swift; sourceTree = "<group>"; };
		620C94CE2720BC31001EA349 /* TextField.swift */ = {isa = PBXFileReference; fileEncoding = 4; lastKnownFileType = sourcecode.swift; path = TextField.swift; sourceTree = "<group>"; };
		620C94D12720BC7B001EA349 /* OvertouchButtom.swift */ = {isa = PBXFileReference; fileEncoding = 4; lastKnownFileType = sourcecode.swift; path = OvertouchButtom.swift; sourceTree = "<group>"; };
		620C94E12721A9B0001EA349 /* SplashViewController.swift */ = {isa = PBXFileReference; lastKnownFileType = sourcecode.swift; path = SplashViewController.swift; sourceTree = "<group>"; };
		620C94E22721A9B0001EA349 /* SplashViewModel.swift */ = {isa = PBXFileReference; lastKnownFileType = sourcecode.swift; path = SplashViewModel.swift; sourceTree = "<group>"; };
		620C94E32721A9B0001EA349 /* SplashConfigurator.swift */ = {isa = PBXFileReference; lastKnownFileType = sourcecode.swift; path = SplashConfigurator.swift; sourceTree = "<group>"; };
		620C94E42721A9B0001EA349 /* Splash+Public.swift */ = {isa = PBXFileReference; lastKnownFileType = sourcecode.swift; path = "Splash+Public.swift"; sourceTree = "<group>"; };
		620C94EA2721AB5F001EA349 /* KeychainStore.swift */ = {isa = PBXFileReference; fileEncoding = 4; lastKnownFileType = sourcecode.swift; path = KeychainStore.swift; sourceTree = "<group>"; };
		620C94EC2721ADED001EA349 /* Token.swift */ = {isa = PBXFileReference; lastKnownFileType = sourcecode.swift; path = Token.swift; sourceTree = "<group>"; };
		620C94EE2721B123001EA349 /* AuthCoordinator.swift */ = {isa = PBXFileReference; lastKnownFileType = sourcecode.swift; path = AuthCoordinator.swift; sourceTree = "<group>"; };
		620C94F22721B8C8001EA349 /* SignInViewController.swift */ = {isa = PBXFileReference; lastKnownFileType = sourcecode.swift; path = SignInViewController.swift; sourceTree = "<group>"; };
		620C94F32721B8C8001EA349 /* SignInViewModel.swift */ = {isa = PBXFileReference; lastKnownFileType = sourcecode.swift; path = SignInViewModel.swift; sourceTree = "<group>"; };
		620C94F42721B8C8001EA349 /* SignInConfigurator.swift */ = {isa = PBXFileReference; lastKnownFileType = sourcecode.swift; path = SignInConfigurator.swift; sourceTree = "<group>"; };
		620C94F52721B8C8001EA349 /* SignIn+Public.swift */ = {isa = PBXFileReference; lastKnownFileType = sourcecode.swift; path = "SignIn+Public.swift"; sourceTree = "<group>"; };
		620C94FA2721B9FE001EA349 /* StateButtton.swift */ = {isa = PBXFileReference; fileEncoding = 4; lastKnownFileType = sourcecode.swift; path = StateButtton.swift; sourceTree = "<group>"; };
		621306842728986400FD5220 /* MonitorBoarding.swift */ = {isa = PBXFileReference; lastKnownFileType = sourcecode.swift; path = MonitorBoarding.swift; sourceTree = "<group>"; };
		62130686272898E100FD5220 /* MonitorBoardingRequests.swift */ = {isa = PBXFileReference; lastKnownFileType = sourcecode.swift; path = MonitorBoardingRequests.swift; sourceTree = "<group>"; };
		62130688272899A800FD5220 /* MonitorBoardingRepository.swift */ = {isa = PBXFileReference; lastKnownFileType = sourcecode.swift; path = MonitorBoardingRepository.swift; sourceTree = "<group>"; };
		6213068A27289A2F00FD5220 /* MonitorBoardingInteractor.swift */ = {isa = PBXFileReference; lastKnownFileType = sourcecode.swift; path = MonitorBoardingInteractor.swift; sourceTree = "<group>"; };
		6213068F272931A200FD5220 /* AddStudentViewController.swift */ = {isa = PBXFileReference; lastKnownFileType = sourcecode.swift; path = AddStudentViewController.swift; sourceTree = "<group>"; };
		62130690272931A200FD5220 /* AddStudentViewModel.swift */ = {isa = PBXFileReference; lastKnownFileType = sourcecode.swift; path = AddStudentViewModel.swift; sourceTree = "<group>"; };
		62130691272931A200FD5220 /* AddStudentConfigurator.swift */ = {isa = PBXFileReference; lastKnownFileType = sourcecode.swift; path = AddStudentConfigurator.swift; sourceTree = "<group>"; };
		62130692272931A200FD5220 /* AddStudent+Public.swift */ = {isa = PBXFileReference; lastKnownFileType = sourcecode.swift; path = "AddStudent+Public.swift"; sourceTree = "<group>"; };
		6213069827295BF500FD5220 /* MonitorBoardingCell.swift */ = {isa = PBXFileReference; lastKnownFileType = sourcecode.swift; path = MonitorBoardingCell.swift; sourceTree = "<group>"; };
		6213069B27295CF700FD5220 /* MonitorBoardingUIModel.swift */ = {isa = PBXFileReference; lastKnownFileType = sourcecode.swift; path = MonitorBoardingUIModel.swift; sourceTree = "<group>"; };
		6213069D27297F1B00FD5220 /* TitleValueView.swift */ = {isa = PBXFileReference; lastKnownFileType = sourcecode.swift; path = TitleValueView.swift; sourceTree = "<group>"; };
		6213069F272AF66400FD5220 /* MonitorBoardingCoordinator.swift */ = {isa = PBXFileReference; lastKnownFileType = sourcecode.swift; path = MonitorBoardingCoordinator.swift; sourceTree = "<group>"; };
		621306A3272AFC2D00FD5220 /* SearchView.swift */ = {isa = PBXFileReference; lastKnownFileType = sourcecode.swift; path = SearchView.swift; sourceTree = "<group>"; };
		621306A9272C1DCD00FD5220 /* Action.swift */ = {isa = PBXFileReference; lastKnownFileType = sourcecode.swift; path = Action.swift; sourceTree = "<group>"; };
		628C0DCA2735612700954A88 /* LocationInteractor.swift */ = {isa = PBXFileReference; fileEncoding = 4; lastKnownFileType = sourcecode.swift; path = LocationInteractor.swift; sourceTree = "<group>"; };
		628C0DCC2735615100954A88 /* LocationRepository.swift */ = {isa = PBXFileReference; fileEncoding = 4; lastKnownFileType = sourcecode.swift; path = LocationRepository.swift; sourceTree = "<group>"; };
		628C0DCE273561A700954A88 /* WP+CLLocation.swift */ = {isa = PBXFileReference; fileEncoding = 4; lastKnownFileType = sourcecode.swift; path = "WP+CLLocation.swift"; sourceTree = "<group>"; };
		62919018272C271E00C4C0DE /* StudentRequests.swift */ = {isa = PBXFileReference; lastKnownFileType = sourcecode.swift; path = StudentRequests.swift; sourceTree = "<group>"; };
		6291901A272C27F200C4C0DE /* StudentRepository.swift */ = {isa = PBXFileReference; lastKnownFileType = sourcecode.swift; path = StudentRepository.swift; sourceTree = "<group>"; };
		6291901C272C287200C4C0DE /* Student.swift */ = {isa = PBXFileReference; lastKnownFileType = sourcecode.swift; path = Student.swift; sourceTree = "<group>"; };
		6291901E272C292500C4C0DE /* StudentInteractor.swift */ = {isa = PBXFileReference; lastKnownFileType = sourcecode.swift; path = StudentInteractor.swift; sourceTree = "<group>"; };
		62C49EEE272527060008F239 /* AuthInteractor.swift */ = {isa = PBXFileReference; lastKnownFileType = sourcecode.swift; path = AuthInteractor.swift; sourceTree = "<group>"; };
		62DA6AA527252E660070C832 /* GoogleService-Info.plist */ = {isa = PBXFileReference; lastKnownFileType = text.plist; path = "GoogleService-Info.plist"; sourceTree = SOURCE_ROOT; };
		62DA6AA8272536620070C832 /* AuthResponse.swift */ = {isa = PBXFileReference; lastKnownFileType = sourcecode.swift; path = AuthResponse.swift; sourceTree = "<group>"; };
		62DA6AAA272537090070C832 /* User.swift */ = {isa = PBXFileReference; lastKnownFileType = sourcecode.swift; path = User.swift; sourceTree = "<group>"; };
		62DA6AAD2725388E0070C832 /* MainSessionManager.swift */ = {isa = PBXFileReference; fileEncoding = 4; lastKnownFileType = sourcecode.swift; path = MainSessionManager.swift; sourceTree = "<group>"; };
		62DA6AAE2725388E0070C832 /* DefaultSessionManager.swift */ = {isa = PBXFileReference; fileEncoding = 4; lastKnownFileType = sourcecode.swift; path = DefaultSessionManager.swift; sourceTree = "<group>"; };
		62DA6AB1272541D60070C832 /* AuthRequests.swift */ = {isa = PBXFileReference; lastKnownFileType = sourcecode.swift; path = AuthRequests.swift; sourceTree = "<group>"; };
		62DA6AB3272542C10070C832 /* AuthRepository.swift */ = {isa = PBXFileReference; lastKnownFileType = sourcecode.swift; path = AuthRepository.swift; sourceTree = "<group>"; };
		62DA6AB627260A9C0070C832 /* SelectBusViewController.swift */ = {isa = PBXFileReference; lastKnownFileType = sourcecode.swift; path = SelectBusViewController.swift; sourceTree = "<group>"; };
		62DA6AB727260A9C0070C832 /* SelectBusViewModel.swift */ = {isa = PBXFileReference; lastKnownFileType = sourcecode.swift; path = SelectBusViewModel.swift; sourceTree = "<group>"; };
		62DA6AB827260A9C0070C832 /* SelectBusConfigurator.swift */ = {isa = PBXFileReference; lastKnownFileType = sourcecode.swift; path = SelectBusConfigurator.swift; sourceTree = "<group>"; };
		62DA6AB927260A9C0070C832 /* SelectBus+Public.swift */ = {isa = PBXFileReference; lastKnownFileType = sourcecode.swift; path = "SelectBus+Public.swift"; sourceTree = "<group>"; };
		62DA6ABE27260D350070C832 /* Bus.swift */ = {isa = PBXFileReference; lastKnownFileType = sourcecode.swift; path = Bus.swift; sourceTree = "<group>"; };
		62DA6AC027260DC40070C832 /* BusRequests.swift */ = {isa = PBXFileReference; lastKnownFileType = sourcecode.swift; path = BusRequests.swift; sourceTree = "<group>"; };
		62DA6AC227260E140070C832 /* BusRepository.swift */ = {isa = PBXFileReference; lastKnownFileType = sourcecode.swift; path = BusRepository.swift; sourceTree = "<group>"; };
		62DA6AC427260EEF0070C832 /* AppStateProvidable.swift */ = {isa = PBXFileReference; lastKnownFileType = sourcecode.swift; path = AppStateProvidable.swift; sourceTree = "<group>"; };
		62DA6AC6272611380070C832 /* BusInteractor.swift */ = {isa = PBXFileReference; lastKnownFileType = sourcecode.swift; path = BusInteractor.swift; sourceTree = "<group>"; };
		62DA6AD1272681F90070C832 /* MenuViewController.swift */ = {isa = PBXFileReference; lastKnownFileType = sourcecode.swift; path = MenuViewController.swift; sourceTree = "<group>"; };
		62DA6AD2272681F90070C832 /* MenuViewModel.swift */ = {isa = PBXFileReference; lastKnownFileType = sourcecode.swift; path = MenuViewModel.swift; sourceTree = "<group>"; };
		62DA6AD3272681F90070C832 /* MenuConfigurator.swift */ = {isa = PBXFileReference; lastKnownFileType = sourcecode.swift; path = MenuConfigurator.swift; sourceTree = "<group>"; };
		62DA6AD4272681F90070C832 /* Menu+Public.swift */ = {isa = PBXFileReference; lastKnownFileType = sourcecode.swift; path = "Menu+Public.swift"; sourceTree = "<group>"; };
		62DA6AD9272682410070C832 /* MenuItem.swift */ = {isa = PBXFileReference; lastKnownFileType = sourcecode.swift; path = MenuItem.swift; sourceTree = "<group>"; };
		62DA6ADB2726884B0070C832 /* NavigationHolderController.swift */ = {isa = PBXFileReference; lastKnownFileType = sourcecode.swift; path = NavigationHolderController.swift; sourceTree = "<group>"; };
		62DA6ADD27268D410070C832 /* ParentDriver+UIBarButtonItem.swift */ = {isa = PBXFileReference; lastKnownFileType = sourcecode.swift; path = "ParentDriver+UIBarButtonItem.swift"; sourceTree = "<group>"; };
		62DA6ADF27268F660070C832 /* MenuCoordinator.swift */ = {isa = PBXFileReference; lastKnownFileType = sourcecode.swift; path = MenuCoordinator.swift; sourceTree = "<group>"; };
		62DA6AE4272693B70070C832 /* DashboardViewController.swift */ = {isa = PBXFileReference; lastKnownFileType = sourcecode.swift; path = DashboardViewController.swift; sourceTree = "<group>"; };
		62DA6AE5272693B70070C832 /* DashboardViewModel.swift */ = {isa = PBXFileReference; lastKnownFileType = sourcecode.swift; path = DashboardViewModel.swift; sourceTree = "<group>"; };
		62DA6AE6272693B70070C832 /* DashboardConfigurator.swift */ = {isa = PBXFileReference; lastKnownFileType = sourcecode.swift; path = DashboardConfigurator.swift; sourceTree = "<group>"; };
		62DA6AE7272693B70070C832 /* Dashboard+Public.swift */ = {isa = PBXFileReference; lastKnownFileType = sourcecode.swift; path = "Dashboard+Public.swift"; sourceTree = "<group>"; };
		62DA6AEC272693DD0070C832 /* BusInspectionViewController.swift */ = {isa = PBXFileReference; lastKnownFileType = sourcecode.swift; path = BusInspectionViewController.swift; sourceTree = "<group>"; };
		62DA6AED272693DD0070C832 /* BusInspectionViewModel.swift */ = {isa = PBXFileReference; lastKnownFileType = sourcecode.swift; path = BusInspectionViewModel.swift; sourceTree = "<group>"; };
		62DA6AEE272693DD0070C832 /* BusInspectionConfigurator.swift */ = {isa = PBXFileReference; lastKnownFileType = sourcecode.swift; path = BusInspectionConfigurator.swift; sourceTree = "<group>"; };
		62DA6AEF272693DD0070C832 /* BusInspection+Public.swift */ = {isa = PBXFileReference; lastKnownFileType = sourcecode.swift; path = "BusInspection+Public.swift"; sourceTree = "<group>"; };
		62DA6AF6272694090070C832 /* MonitorBoardingViewController.swift */ = {isa = PBXFileReference; lastKnownFileType = sourcecode.swift; path = MonitorBoardingViewController.swift; sourceTree = "<group>"; };
		62DA6AF7272694090070C832 /* MonitorBoardingViewModel.swift */ = {isa = PBXFileReference; lastKnownFileType = sourcecode.swift; path = MonitorBoardingViewModel.swift; sourceTree = "<group>"; };
		62DA6AF8272694090070C832 /* MonitorBoardingConfigurator.swift */ = {isa = PBXFileReference; lastKnownFileType = sourcecode.swift; path = MonitorBoardingConfigurator.swift; sourceTree = "<group>"; };
		62DA6AF9272694090070C832 /* MonitorBoarding+Public.swift */ = {isa = PBXFileReference; lastKnownFileType = sourcecode.swift; path = "MonitorBoarding+Public.swift"; sourceTree = "<group>"; };
		62DA6AFE2726941F0070C832 /* RidersheepChangesViewController.swift */ = {isa = PBXFileReference; lastKnownFileType = sourcecode.swift; path = RidersheepChangesViewController.swift; sourceTree = "<group>"; };
		62DA6AFF2726941F0070C832 /* RidersheepChangesViewModel.swift */ = {isa = PBXFileReference; lastKnownFileType = sourcecode.swift; path = RidersheepChangesViewModel.swift; sourceTree = "<group>"; };
		62DA6B002726941F0070C832 /* RidersheepChangesConfigurator.swift */ = {isa = PBXFileReference; lastKnownFileType = sourcecode.swift; path = RidersheepChangesConfigurator.swift; sourceTree = "<group>"; };
		62DA6B012726941F0070C832 /* RidersheepChanges+Public.swift */ = {isa = PBXFileReference; lastKnownFileType = sourcecode.swift; path = "RidersheepChanges+Public.swift"; sourceTree = "<group>"; };
		A9571BF5AC97EA2851F683FB /* libPods-ParentDriver.a */ = {isa = PBXFileReference; explicitFileType = archive.ar; includeInIndex = 0; path = "libPods-ParentDriver.a"; sourceTree = BUILT_PRODUCTS_DIR; };
		C70D37782728A7E40080A49A /* SignUpViewController.swift */ = {isa = PBXFileReference; lastKnownFileType = sourcecode.swift; path = SignUpViewController.swift; sourceTree = "<group>"; };
		C70D377A2728A7F50080A49A /* SignUpViewModel.swift */ = {isa = PBXFileReference; lastKnownFileType = sourcecode.swift; path = SignUpViewModel.swift; sourceTree = "<group>"; };
		C70D377C2728A8080080A49A /* SignUpConfigurator.swift */ = {isa = PBXFileReference; lastKnownFileType = sourcecode.swift; path = SignUpConfigurator.swift; sourceTree = "<group>"; };
		C70D377E2728A8170080A49A /* SignUp+Public.swift */ = {isa = PBXFileReference; lastKnownFileType = sourcecode.swift; path = "SignUp+Public.swift"; sourceTree = "<group>"; };
		C70D3782272B2E260080A49A /* AuthViewProtocol.swift */ = {isa = PBXFileReference; lastKnownFileType = sourcecode.swift; path = AuthViewProtocol.swift; sourceTree = "<group>"; };
		EE443E0F431667697781C224 /* Pods-ParentDriver.debug.xcconfig */ = {isa = PBXFileReference; includeInIndex = 1; lastKnownFileType = text.xcconfig; name = "Pods-ParentDriver.debug.xcconfig"; path = "Target Support Files/Pods-ParentDriver/Pods-ParentDriver.debug.xcconfig"; sourceTree = "<group>"; };
/* End PBXFileReference section */

/* Begin PBXFrameworksBuildPhase section */
		620C940D2720A401001EA349 /* Frameworks */ = {
			isa = PBXFrameworksBuildPhase;
			buildActionMask = 2147483647;
			files = (
				620C94C02720AF19001EA349 /* KeychainSwift in Frameworks */,
				620C94B82720AE40001EA349 /* SnapKit in Frameworks */,
				620C94B22720AD62001EA349 /* Repository in Frameworks */,
				620C94B52720AE1B001EA349 /* IQKeyboardManagerSwift in Frameworks */,
				62DA6ACA27267EA90070C832 /* SideMenu in Frameworks */,
				07C536E0DE68A89A22F85485 /* libPods-ParentDriver.a in Frameworks */,
			);
			runOnlyForDeploymentPostprocessing = 0;
		};
/* End PBXFrameworksBuildPhase section */

/* Begin PBXGroup section */
		06B586086126585C42A36EA5 /* Pods */ = {
			isa = PBXGroup;
			children = (
				EE443E0F431667697781C224 /* Pods-ParentDriver.debug.xcconfig */,
				613FBD22746F2933B3AB93C9 /* Pods-ParentDriver.release.xcconfig */,
			);
			path = Pods;
			sourceTree = "<group>";
		};
		12E7D7F1C2AC435809FCAC98 /* Frameworks */ = {
			isa = PBXGroup;
			children = (
				A9571BF5AC97EA2851F683FB /* libPods-ParentDriver.a */,
			);
			name = Frameworks;
			sourceTree = "<group>";
		};
		620C94072720A401001EA349 = {
			isa = PBXGroup;
			children = (
				620C94122720A401001EA349 /* ParentDriver */,
				620C94112720A401001EA349 /* Products */,
				06B586086126585C42A36EA5 /* Pods */,
				12E7D7F1C2AC435809FCAC98 /* Frameworks */,
			);
			sourceTree = "<group>";
		};
		620C94112720A401001EA349 /* Products */ = {
			isa = PBXGroup;
			children = (
				620C94102720A401001EA349 /* ParentDriver.app */,
			);
			name = Products;
			sourceTree = "<group>";
		};
		620C94122720A401001EA349 /* ParentDriver */ = {
			isa = PBXGroup;
			children = (
				62DA6AA527252E660070C832 /* GoogleService-Info.plist */,
				620C94272720A41D001EA349 /* Sources */,
				620C94282720A424001EA349 /* Resources */,
			);
			path = ParentDriver;
			sourceTree = "<group>";
		};
		620C94272720A41D001EA349 /* Sources */ = {
			isa = PBXGroup;
			children = (
				620C94132720A401001EA349 /* AppDelegate.swift */,
				620C94332720A497001EA349 /* Defines */,
				620C94322720A491001EA349 /* Presentation */,
				620C94312720A48B001EA349 /* Domain */,
				620C94302720A486001EA349 /* Data */,
				620C942F2720A480001EA349 /* Utils */,
				620C942E2720A471001EA349 /* Extensions */,
			);
			path = Sources;
			sourceTree = "<group>";
		};
		620C94282720A424001EA349 /* Resources */ = {
			isa = PBXGroup;
			children = (
				620C94CA2720B860001EA349 /* R.generated.swift */,
				620C942D2720A457001EA349 /* Fonts */,
				620C942C2720A442001EA349 /* Storyboards */,
				620C942B2720A43C001EA349 /* Assets */,
				620C942A2720A436001EA349 /* Strings */,
				620C94292720A431001EA349 /* Plists */,
			);
			path = Resources;
			sourceTree = "<group>";
		};
		620C94292720A431001EA349 /* Plists */ = {
			isa = PBXGroup;
			children = (
				620C94212720A404001EA349 /* Info.plist */,
			);
			path = Plists;
			sourceTree = "<group>";
		};
		620C942A2720A436001EA349 /* Strings */ = {
			isa = PBXGroup;
			children = (
				620C94C52720B32E001EA349 /* Localizable.strings */,
			);
			path = Strings;
			sourceTree = "<group>";
		};
		620C942B2720A43C001EA349 /* Assets */ = {
			isa = PBXGroup;
			children = (
				620C941C2720A404001EA349 /* Assets.xcassets */,
			);
			path = Assets;
			sourceTree = "<group>";
		};
		620C942C2720A442001EA349 /* Storyboards */ = {
			isa = PBXGroup;
			children = (
				620C941E2720A404001EA349 /* LaunchScreen.storyboard */,
			);
			path = Storyboards;
			sourceTree = "<group>";
		};
		620C942D2720A457001EA349 /* Fonts */ = {
			isa = PBXGroup;
			children = (
			);
			path = Fonts;
			sourceTree = "<group>";
		};
		620C942E2720A471001EA349 /* Extensions */ = {
			isa = PBXGroup;
			children = (
				628C0DCE273561A700954A88 /* WP+CLLocation.swift */,
				620C94542720A8FB001EA349 /* HapDay+ActivityIndicator.swift */,
				620C94512720A8FB001EA349 /* Hapday+CGPoint.swift */,
				620C94522720A8FB001EA349 /* Hapday+CGSize.swift */,
				620C94562720A8FB001EA349 /* HapDay+Collection.swift */,
				620C945E2720A8FB001EA349 /* HapDay+Color.swift */,
				620C945D2720A8FB001EA349 /* HapDay+Date.swift */,
				620C94572720A8FB001EA349 /* Hapday+FloatingPoint.swift */,
				620C94532720A8FB001EA349 /* Hapday+Int.swift */,
				620C94492720A8FA001EA349 /* HapDay+Loadable.swift */,
				620C945C2720A8FB001EA349 /* Hapday+NotificationName.swift */,
				620C945F2720A8FB001EA349 /* HapDay+NSTimeInterval.swift */,
				620C94592720A8FB001EA349 /* Hapday+Optional.swift */,
				620C94502720A8FB001EA349 /* HapDay+String.swift */,
				620C945A2720A8FB001EA349 /* HapDay+TextView.swift */,
				620C944A2720A8FA001EA349 /* Hapday+UIButton.swift */,
				620C94602720A8FB001EA349 /* HapDay+UIDevice.swift */,
				620C94552720A8FB001EA349 /* Hapday+UIPangGetestureRecognizer.swift */,
				620C94482720A8FA001EA349 /* Hapday+UITableView+Init.swift */,
				620C94582720A8FB001EA349 /* HapDay+View.swift */,
				620C94612720A8FB001EA349 /* HapDay+View+Animation.swift */,
				620C944B2720A8FA001EA349 /* HapDay+View+Blur.swift */,
				620C944C2720A8FB001EA349 /* HapDay+ViewController.swift */,
				620C944E2720A8FB001EA349 /* HappyHabits+MVVM.swift */,
				620C944F2720A8FB001EA349 /* MyHappyHabbits+UIButton.swift */,
				62DA6ADD27268D410070C832 /* ParentDriver+UIBarButtonItem.swift */,
			);
			path = Extensions;
			sourceTree = "<group>";
		};
		620C942F2720A480001EA349 /* Utils */ = {
			isa = PBXGroup;
			children = (
				621306A8272C1DC400FD5220 /* Action */,
				62DA6AAC272538750070C832 /* SessionManager */,
				620C94E92721AB4B001EA349 /* KeychainStore */,
				620C94472720A610001EA349 /* DI */,
				620C94462720A609001EA349 /* Validation */,
				620C94452720A604001EA349 /* Session */,
				620C94442720A5FA001EA349 /* UserDefaultValues */,
			);
			path = Utils;
			sourceTree = "<group>";
		};
		620C94302720A486001EA349 /* Data */ = {
			isa = PBXGroup;
			children = (
				620C94432720A5EC001EA349 /* API */,
				620C94422720A5E2001EA349 /* Requests */,
				620C94412720A5DC001EA349 /* Repositories */,
				62DA6AA7272536400070C832 /* Responses */,
			);
			path = Data;
			sourceTree = "<group>";
		};
		620C94312720A48B001EA349 /* Domain */ = {
			isa = PBXGroup;
			children = (
				620C94402720A5D6001EA349 /* Models */,
				620C943F2720A5D0001EA349 /* Interactor */,
			);
			path = Domain;
			sourceTree = "<group>";
		};
		620C94322720A491001EA349 /* Presentation */ = {
			isa = PBXGroup;
			children = (
				620C943E2720A5C9001EA349 /* ViewControllers */,
				620C943D2720A5C3001EA349 /* Views */,
				620C943C2720A5BC001EA349 /* Coordinators */,
			);
			path = Presentation;
			sourceTree = "<group>";
		};
		620C94332720A497001EA349 /* Defines */ = {
			isa = PBXGroup;
			children = (
				620C94342720A591001EA349 /* Defines.swift */,
				620C94362720A59E001EA349 /* CustomErrorCodes.swift */,
				620C94382720A5A6001EA349 /* AppConfig.swift */,
				620C943A2720A5B2001EA349 /* AppTypealiases.swift */,
			);
			path = Defines;
			sourceTree = "<group>";
		};
		620C943C2720A5BC001EA349 /* Coordinators */ = {
			isa = PBXGroup;
			children = (
				620C94922720AA2C001EA349 /* Core */,
				620C949D2720AA6A001EA349 /* AppCoordinator.swift */,
				620C94EE2721B123001EA349 /* AuthCoordinator.swift */,
				62DA6ADF27268F660070C832 /* MenuCoordinator.swift */,
				6213069F272AF66400FD5220 /* MonitorBoardingCoordinator.swift */,
			);
			path = Coordinators;
			sourceTree = "<group>";
		};
		620C943D2720A5C3001EA349 /* Views */ = {
			isa = PBXGroup;
			children = (
				620C94CC2720BC1E001EA349 /* TextField */,
				620C94A72720ABDA001EA349 /* FloatingTextField */,
				620C94FA2721B9FE001EA349 /* StateButtton.swift */,
				620C94D12720BC7B001EA349 /* OvertouchButtom.swift */,
				620C94A02720AB84001EA349 /* BaseView.swift */,
				620C94A12720AB84001EA349 /* PrimaryButton.swift */,
				620C949F2720AB84001EA349 /* SelectableButton.swift */,
				620C94A22720AB84001EA349 /* ShadowView.swift */,
				6213069D27297F1B00FD5220 /* TitleValueView.swift */,
			);
			path = Views;
			sourceTree = "<group>";
		};
		620C943E2720A5C9001EA349 /* ViewControllers */ = {
			isa = PBXGroup;
			children = (
				620C94E02721A9A3001EA349 /* Splash */,
				620C94F02721B550001EA349 /* Auth */,
				62DA6AB527260A890070C832 /* SelectBus */,
				62DA6ACB27267EB20070C832 /* Main */,
			);
			path = ViewControllers;
			sourceTree = "<group>";
		};
		620C943F2720A5D0001EA349 /* Interactor */ = {
			isa = PBXGroup;
			children = (
				628C0DCA2735612700954A88 /* LocationInteractor.swift */,
				620C948F2720AA20001EA349 /* Interactor.swift */,
				62DA6AC427260EEF0070C832 /* AppStateProvidable.swift */,
				620C94C82720B858001EA349 /* ValidationInteractor.swift */,
				62C49EEE272527060008F239 /* AuthInteractor.swift */,
				62DA6AC6272611380070C832 /* BusInteractor.swift */,
				6213068A27289A2F00FD5220 /* MonitorBoardingInteractor.swift */,
				6291901E272C292500C4C0DE /* StudentInteractor.swift */,
			);
			path = Interactor;
			sourceTree = "<group>";
		};
		620C94402720A5D6001EA349 /* Models */ = {
			isa = PBXGroup;
			children = (
				620C94EC2721ADED001EA349 /* Token.swift */,
				62DA6AAA272537090070C832 /* User.swift */,
				62DA6ABE27260D350070C832 /* Bus.swift */,
				621306842728986400FD5220 /* MonitorBoarding.swift */,
				6291901C272C287200C4C0DE /* Student.swift */,
			);
			path = Models;
			sourceTree = "<group>";
		};
		620C94412720A5DC001EA349 /* Repositories */ = {
			isa = PBXGroup;
			children = (
				628C0DCC2735615100954A88 /* LocationRepository.swift */,
				62DA6AB3272542C10070C832 /* AuthRepository.swift */,
				62DA6AC227260E140070C832 /* BusRepository.swift */,
				62130688272899A800FD5220 /* MonitorBoardingRepository.swift */,
				6291901A272C27F200C4C0DE /* StudentRepository.swift */,
			);
			path = Repositories;
			sourceTree = "<group>";
		};
		620C94422720A5E2001EA349 /* Requests */ = {
			isa = PBXGroup;
			children = (
				62DA6AB1272541D60070C832 /* AuthRequests.swift */,
				62DA6AC027260DC40070C832 /* BusRequests.swift */,
				62130686272898E100FD5220 /* MonitorBoardingRequests.swift */,
				62919018272C271E00C4C0DE /* StudentRequests.swift */,
			);
			path = Requests;
			sourceTree = "<group>";
		};
		620C94432720A5EC001EA349 /* API */ = {
			isa = PBXGroup;
			children = (
				620C948C2720A9FA001EA349 /* API.swift */,
			);
			path = API;
			sourceTree = "<group>";
		};
		620C94442720A5FA001EA349 /* UserDefaultValues */ = {
			isa = PBXGroup;
			children = (
				620C947C2720A922001EA349 /* UserDefaultsProperyWrapper.swift */,
				620C947D2720A922001EA349 /* UserDefaultValues.swift */,
			);
			path = UserDefaultValues;
			sourceTree = "<group>";
		};
		620C94452720A604001EA349 /* Session */ = {
			isa = PBXGroup;
			children = (
				620C94802720A94A001EA349 /* Handler.swift */,
				620C94812720A94A001EA349 /* MainRequestBuilder.swift */,
				620C94822720A94A001EA349 /* RemoteStore+Combine.swift */,
			);
			path = Session;
			sourceTree = "<group>";
		};
		620C94462720A609001EA349 /* Validation */ = {
			isa = PBXGroup;
			children = (
				620C94862720A98F001EA349 /* Validator.swift */,
			);
			path = Validation;
			sourceTree = "<group>";
		};
		620C94472720A610001EA349 /* DI */ = {
			isa = PBXGroup;
			children = (
				620C94892720A9AB001EA349 /* DependencyProvider.swift */,
				620C94882720A9AA001EA349 /* ServiceLocator.swift */,
			);
			path = DI;
			sourceTree = "<group>";
		};
		620C94922720AA2C001EA349 /* Core */ = {
			isa = PBXGroup;
			children = (
				620C94952720AA4F001EA349 /* Coordinator.swift */,
				620C94972720AA4F001EA349 /* NavigationCoordinator.swift */,
				620C94942720AA4F001EA349 /* TabBarCoordinator.swift */,
				620C94962720AA4F001EA349 /* ViewControllerCoordinator.swift */,
				620C94932720AA4F001EA349 /* WindowCoordinator.swift */,
			);
			path = Core;
			sourceTree = "<group>";
		};
		620C94A72720ABDA001EA349 /* FloatingTextField */ = {
			isa = PBXGroup;
			children = (
				620C94AB2720ABEC001EA349 /* FloatingTextField.swift */,
				620C94AA2720ABEC001EA349 /* FloatingTextField+Delegate.swift */,
				620C94A92720ABEC001EA349 /* FloatingTextField+Extensions.swift */,
				620C94A82720ABEC001EA349 /* FloatingTextField+Type.swift */,
			);
			path = FloatingTextField;
			sourceTree = "<group>";
		};
		620C94CC2720BC1E001EA349 /* TextField */ = {
			isa = PBXGroup;
			children = (
				620C94CE2720BC31001EA349 /* TextField.swift */,
				620C94CD2720BC31001EA349 /* TextFieldWithPicker.swift */,
			);
			path = TextField;
			sourceTree = "<group>";
		};
		620C94E02721A9A3001EA349 /* Splash */ = {
			isa = PBXGroup;
			children = (
				620C94E12721A9B0001EA349 /* SplashViewController.swift */,
				620C94E22721A9B0001EA349 /* SplashViewModel.swift */,
				620C94E32721A9B0001EA349 /* SplashConfigurator.swift */,
				620C94E42721A9B0001EA349 /* Splash+Public.swift */,
			);
			path = Splash;
			sourceTree = "<group>";
		};
		620C94E92721AB4B001EA349 /* KeychainStore */ = {
			isa = PBXGroup;
			children = (
				620C94EA2721AB5F001EA349 /* KeychainStore.swift */,
			);
			path = KeychainStore;
			sourceTree = "<group>";
		};
		620C94F02721B550001EA349 /* Auth */ = {
			isa = PBXGroup;
			children = (
				621306A5272BC99000FD5220 /* Common */,
				C70D37772728A7690080A49A /* SignUp */,
				620C94F12721B55F001EA349 /* SignIn */,
			);
			path = Auth;
			sourceTree = "<group>";
		};
		620C94F12721B55F001EA349 /* SignIn */ = {
			isa = PBXGroup;
			children = (
				620C94F22721B8C8001EA349 /* SignInViewController.swift */,
				620C94F32721B8C8001EA349 /* SignInViewModel.swift */,
				620C94F42721B8C8001EA349 /* SignInConfigurator.swift */,
				620C94F52721B8C8001EA349 /* SignIn+Public.swift */,
			);
			path = SignIn;
			sourceTree = "<group>";
		};
		6213068D2729317600FD5220 /* MonitorBoarding */ = {
			isa = PBXGroup;
			children = (
				6213069A27295CE400FD5220 /* Models */,
				6213069727295BE800FD5220 /* Cells */,
				62DA6AF6272694090070C832 /* MonitorBoardingViewController.swift */,
				62DA6AF7272694090070C832 /* MonitorBoardingViewModel.swift */,
				62DA6AF8272694090070C832 /* MonitorBoardingConfigurator.swift */,
				62DA6AF9272694090070C832 /* MonitorBoarding+Public.swift */,
			);
			path = MonitorBoarding;
			sourceTree = "<group>";
		};
		6213068E2729318100FD5220 /* AddStudent */ = {
			isa = PBXGroup;
			children = (
				6213068F272931A200FD5220 /* AddStudentViewController.swift */,
				62130690272931A200FD5220 /* AddStudentViewModel.swift */,
				62130691272931A200FD5220 /* AddStudentConfigurator.swift */,
				62130692272931A200FD5220 /* AddStudent+Public.swift */,
			);
			path = AddStudent;
			sourceTree = "<group>";
		};
		6213069727295BE800FD5220 /* Cells */ = {
			isa = PBXGroup;
			children = (
				6213069827295BF500FD5220 /* MonitorBoardingCell.swift */,
			);
			path = Cells;
			sourceTree = "<group>";
		};
		6213069A27295CE400FD5220 /* Models */ = {
			isa = PBXGroup;
			children = (
				6213069B27295CF700FD5220 /* MonitorBoardingUIModel.swift */,
			);
			path = Models;
			sourceTree = "<group>";
		};
		621306A1272AFC0E00FD5220 /* NavigationHolder */ = {
			isa = PBXGroup;
			children = (
				62DA6ADB2726884B0070C832 /* NavigationHolderController.swift */,
			);
			path = NavigationHolder;
			sourceTree = "<group>";
		};
		621306A2272AFC1F00FD5220 /* Search */ = {
			isa = PBXGroup;
			children = (
				621306A3272AFC2D00FD5220 /* SearchView.swift */,
			);
			path = Search;
			sourceTree = "<group>";
		};
		621306A5272BC99000FD5220 /* Common */ = {
			isa = PBXGroup;
			children = (
				C70D3782272B2E260080A49A /* AuthViewProtocol.swift */,
			);
			path = Common;
			sourceTree = "<group>";
		};
		621306A8272C1DC400FD5220 /* Action */ = {
			isa = PBXGroup;
			children = (
				621306A9272C1DCD00FD5220 /* Action.swift */,
			);
			path = Action;
			sourceTree = "<group>";
		};
		62DA6AA7272536400070C832 /* Responses */ = {
			isa = PBXGroup;
			children = (
				62DA6AA8272536620070C832 /* AuthResponse.swift */,
			);
			path = Responses;
			sourceTree = "<group>";
		};
		62DA6AAC272538750070C832 /* SessionManager */ = {
			isa = PBXGroup;
			children = (
				62DA6AAE2725388E0070C832 /* DefaultSessionManager.swift */,
				62DA6AAD2725388E0070C832 /* MainSessionManager.swift */,
			);
			path = SessionManager;
			sourceTree = "<group>";
		};
		62DA6AB527260A890070C832 /* SelectBus */ = {
			isa = PBXGroup;
			children = (
				62DA6AB627260A9C0070C832 /* SelectBusViewController.swift */,
				62DA6AB727260A9C0070C832 /* SelectBusViewModel.swift */,
				62DA6AB827260A9C0070C832 /* SelectBusConfigurator.swift */,
				62DA6AB927260A9C0070C832 /* SelectBus+Public.swift */,
			);
			path = SelectBus;
			sourceTree = "<group>";
		};
		62DA6ACB27267EB20070C832 /* Main */ = {
			isa = PBXGroup;
			children = (
				62DA6ACF27267EF10070C832 /* Common */,
				62DA6AD027267EF60070C832 /* Menu */,
				62DA6AE12726923C0070C832 /* Dashboard */,
				62DA6ACE27267EE30070C832 /* BusInspection */,
				62DA6ACD27267EDC0070C832 /* MonitorBoarding */,
				62DA6ACC27267ED30070C832 /* RidersheepChanges */,
			);
			path = Main;
			sourceTree = "<group>";
		};
		62DA6ACC27267ED30070C832 /* RidersheepChanges */ = {
			isa = PBXGroup;
			children = (
				62DA6AFE2726941F0070C832 /* RidersheepChangesViewController.swift */,
				62DA6AFF2726941F0070C832 /* RidersheepChangesViewModel.swift */,
				62DA6B002726941F0070C832 /* RidersheepChangesConfigurator.swift */,
				62DA6B012726941F0070C832 /* RidersheepChanges+Public.swift */,
			);
			path = RidersheepChanges;
			sourceTree = "<group>";
		};
		62DA6ACD27267EDC0070C832 /* MonitorBoarding */ = {
			isa = PBXGroup;
			children = (
				6213068E2729318100FD5220 /* AddStudent */,
				6213068D2729317600FD5220 /* MonitorBoarding */,
			);
			path = MonitorBoarding;
			sourceTree = "<group>";
		};
		62DA6ACE27267EE30070C832 /* BusInspection */ = {
			isa = PBXGroup;
			children = (
				62DA6AEC272693DD0070C832 /* BusInspectionViewController.swift */,
				62DA6AED272693DD0070C832 /* BusInspectionViewModel.swift */,
				62DA6AEE272693DD0070C832 /* BusInspectionConfigurator.swift */,
				62DA6AEF272693DD0070C832 /* BusInspection+Public.swift */,
			);
			path = BusInspection;
			sourceTree = "<group>";
		};
		62DA6ACF27267EF10070C832 /* Common */ = {
			isa = PBXGroup;
			children = (
				621306A2272AFC1F00FD5220 /* Search */,
				621306A1272AFC0E00FD5220 /* NavigationHolder */,
			);
			path = Common;
			sourceTree = "<group>";
		};
		62DA6AD027267EF60070C832 /* Menu */ = {
			isa = PBXGroup;
			children = (
				62DA6AD1272681F90070C832 /* MenuViewController.swift */,
				62DA6AD2272681F90070C832 /* MenuViewModel.swift */,
				62DA6AD3272681F90070C832 /* MenuConfigurator.swift */,
				62DA6AD4272681F90070C832 /* Menu+Public.swift */,
				62DA6AD9272682410070C832 /* MenuItem.swift */,
			);
			path = Menu;
			sourceTree = "<group>";
		};
		62DA6AE12726923C0070C832 /* Dashboard */ = {
			isa = PBXGroup;
			children = (
				62DA6AE4272693B70070C832 /* DashboardViewController.swift */,
				62DA6AE5272693B70070C832 /* DashboardViewModel.swift */,
				62DA6AE6272693B70070C832 /* DashboardConfigurator.swift */,
				62DA6AE7272693B70070C832 /* Dashboard+Public.swift */,
			);
			path = Dashboard;
			sourceTree = "<group>";
		};
		C70D37772728A7690080A49A /* SignUp */ = {
			isa = PBXGroup;
			children = (
				C70D37782728A7E40080A49A /* SignUpViewController.swift */,
				C70D377A2728A7F50080A49A /* SignUpViewModel.swift */,
				C70D377C2728A8080080A49A /* SignUpConfigurator.swift */,
				C70D377E2728A8170080A49A /* SignUp+Public.swift */,
			);
			path = SignUp;
			sourceTree = "<group>";
		};
/* End PBXGroup section */

/* Begin PBXNativeTarget section */
		620C940F2720A401001EA349 /* ParentDriver */ = {
			isa = PBXNativeTarget;
			buildConfigurationList = 620C94242720A404001EA349 /* Build configuration list for PBXNativeTarget "ParentDriver" */;
			buildPhases = (
				7C1CB277C5961EA920D4EE38 /* [CP] Check Pods Manifest.lock */,
				620C94C62720B388001EA349 /* Localisation  */,
				620C94C72720B39A001EA349 /* R.swift */,
				620C940C2720A401001EA349 /* Sources */,
				620C940D2720A401001EA349 /* Frameworks */,
				620C940E2720A401001EA349 /* Resources */,
			);
			buildRules = (
			);
			dependencies = (
			);
			name = ParentDriver;
			packageProductDependencies = (
				620C94B12720AD62001EA349 /* Repository */,
				620C94B42720AE1B001EA349 /* IQKeyboardManagerSwift */,
				620C94B72720AE40001EA349 /* SnapKit */,
				620C94BF2720AF19001EA349 /* KeychainSwift */,
				62DA6AC927267EA90070C832 /* SideMenu */,
			);
			productName = ParentDriver;
			productReference = 620C94102720A401001EA349 /* ParentDriver.app */;
			productType = "com.apple.product-type.application";
		};
/* End PBXNativeTarget section */

/* Begin PBXProject section */
		620C94082720A401001EA349 /* Project object */ = {
			isa = PBXProject;
			attributes = {
				BuildIndependentTargetsInParallel = 1;
				LastSwiftUpdateCheck = 1300;
				LastUpgradeCheck = 1300;
				TargetAttributes = {
					620C940F2720A401001EA349 = {
						CreatedOnToolsVersion = 13.0;
					};
				};
			};
			buildConfigurationList = 620C940B2720A401001EA349 /* Build configuration list for PBXProject "ParentDriver" */;
			compatibilityVersion = "Xcode 13.0";
			developmentRegion = en;
			hasScannedForEncodings = 0;
			knownRegions = (
				en,
				Base,
			);
			mainGroup = 620C94072720A401001EA349;
			packageReferences = (
				620C94B02720AD62001EA349 /* XCRemoteSwiftPackageReference "Repository" */,
				620C94B32720AE1B001EA349 /* XCRemoteSwiftPackageReference "IQKeyboardManager" */,
				620C94B62720AE40001EA349 /* XCRemoteSwiftPackageReference "SnapKit" */,
				620C94BE2720AF18001EA349 /* XCRemoteSwiftPackageReference "keychain-swift" */,
				62DA6AC827267EA90070C832 /* XCRemoteSwiftPackageReference "SideMenu" */,
			);
			productRefGroup = 620C94112720A401001EA349 /* Products */;
			projectDirPath = "";
			projectRoot = "";
			targets = (
				620C940F2720A401001EA349 /* ParentDriver */,
			);
		};
/* End PBXProject section */

/* Begin PBXResourcesBuildPhase section */
		620C940E2720A401001EA349 /* Resources */ = {
			isa = PBXResourcesBuildPhase;
			buildActionMask = 2147483647;
			files = (
				620C94202720A404001EA349 /* LaunchScreen.storyboard in Resources */,
				62DA6AA627252E660070C832 /* GoogleService-Info.plist in Resources */,
				620C94C32720B32E001EA349 /* Localizable.strings in Resources */,
				620C941D2720A404001EA349 /* Assets.xcassets in Resources */,
			);
			runOnlyForDeploymentPostprocessing = 0;
		};
/* End PBXResourcesBuildPhase section */

/* Begin PBXShellScriptBuildPhase section */
		620C94C62720B388001EA349 /* Localisation  */ = {
			isa = PBXShellScriptBuildPhase;
			buildActionMask = 2147483647;
			files = (
			);
			inputFileListPaths = (
			);
			inputPaths = (
			);
			name = "Localisation ";
			outputFileListPaths = (
			);
			outputPaths = (
			);
			runOnlyForDeploymentPostprocessing = 0;
			shellPath = /bin/sh;
			shellScript = "Scripts/download_translations.sh\n";
		};
		620C94C72720B39A001EA349 /* R.swift */ = {
			isa = PBXShellScriptBuildPhase;
			buildActionMask = 2147483647;
			files = (
			);
			inputFileListPaths = (
			);
			inputPaths = (
				"$TEMP_DIR/rswift-lastrun",
			);
			name = R.swift;
			outputFileListPaths = (
			);
			outputPaths = (
				$SRCROOT/R.generated.swift,
			);
			runOnlyForDeploymentPostprocessing = 0;
			shellPath = /bin/sh;
			shellScript = "if [ $ACTION != \"indexbuild\" ]; then\n  \"$PODS_ROOT/R.swift/rswift\" generate \"$SRCROOT/R.generated.swift\"\nfi\n";
		};
		7C1CB277C5961EA920D4EE38 /* [CP] Check Pods Manifest.lock */ = {
			isa = PBXShellScriptBuildPhase;
			buildActionMask = 2147483647;
			files = (
			);
			inputFileListPaths = (
			);
			inputPaths = (
				"${PODS_PODFILE_DIR_PATH}/Podfile.lock",
				"${PODS_ROOT}/Manifest.lock",
			);
			name = "[CP] Check Pods Manifest.lock";
			outputFileListPaths = (
			);
			outputPaths = (
				"$(DERIVED_FILE_DIR)/Pods-ParentDriver-checkManifestLockResult.txt",
			);
			runOnlyForDeploymentPostprocessing = 0;
			shellPath = /bin/sh;
			shellScript = "diff \"${PODS_PODFILE_DIR_PATH}/Podfile.lock\" \"${PODS_ROOT}/Manifest.lock\" > /dev/null\nif [ $? != 0 ] ; then\n    # print error to STDERR\n    echo \"error: The sandbox is not in sync with the Podfile.lock. Run 'pod install' or update your CocoaPods installation.\" >&2\n    exit 1\nfi\n# This output is used by Xcode 'outputs' to avoid re-running this script phase.\necho \"SUCCESS\" > \"${SCRIPT_OUTPUT_FILE_0}\"\n";
			showEnvVarsInLog = 0;
		};
/* End PBXShellScriptBuildPhase section */

/* Begin PBXSourcesBuildPhase section */
		620C940C2720A401001EA349 /* Sources */ = {
			isa = PBXSourcesBuildPhase;
			buildActionMask = 2147483647;
			files = (
				620C94832720A94A001EA349 /* Handler.swift in Sources */,
				62DA6AF3272693DD0070C832 /* BusInspection+Public.swift in Sources */,
				620C94792720A8FB001EA349 /* HapDay+NSTimeInterval.swift in Sources */,
				620C94F82721B8C8001EA349 /* SignInConfigurator.swift in Sources */,
				62DA6ABC27260A9C0070C832 /* SelectBusConfigurator.swift in Sources */,
				620C94142720A401001EA349 /* AppDelegate.swift in Sources */,
				C70D377D2728A8080080A49A /* SignUpConfigurator.swift in Sources */,
				62DA6AC127260DC40070C832 /* BusRequests.swift in Sources */,
				620C949B2720AA4F001EA349 /* ViewControllerCoordinator.swift in Sources */,
				62DA6AD8272681F90070C832 /* Menu+Public.swift in Sources */,
				62130695272931A200FD5220 /* AddStudentConfigurator.swift in Sources */,
				621306A4272AFC2D00FD5220 /* SearchView.swift in Sources */,
				620C949C2720AA4F001EA349 /* NavigationCoordinator.swift in Sources */,
				62DA6AE027268F660070C832 /* MenuCoordinator.swift in Sources */,
				621306852728986400FD5220 /* MonitorBoarding.swift in Sources */,
				620C943B2720A5B2001EA349 /* AppTypealiases.swift in Sources */,
				620C94E52721A9B0001EA349 /* SplashViewController.swift in Sources */,
				620C94AE2720ABEC001EA349 /* FloatingTextField+Delegate.swift in Sources */,
				620C94A32720AB84001EA349 /* SelectableButton.swift in Sources */,
				620C94712720A8FB001EA349 /* Hapday+FloatingPoint.swift in Sources */,
				62DA6AC7272611380070C832 /* BusInteractor.swift in Sources */,
				620C94692720A8FB001EA349 /* MyHappyHabbits+UIButton.swift in Sources */,
				C70D3783272B2E260080A49A /* AuthViewProtocol.swift in Sources */,
				621306A0272AF66400FD5220 /* MonitorBoardingCoordinator.swift in Sources */,
				62DA6AFC272694090070C832 /* MonitorBoardingConfigurator.swift in Sources */,
				62919019272C271E00C4C0DE /* StudentRequests.swift in Sources */,
				620C94992720AA4F001EA349 /* TabBarCoordinator.swift in Sources */,
				620C94842720A94A001EA349 /* MainRequestBuilder.swift in Sources */,
				62DA6AC527260EEF0070C832 /* AppStateProvidable.swift in Sources */,
				6213068B27289A2F00FD5220 /* MonitorBoardingInteractor.swift in Sources */,
				620C94FB2721B9FE001EA349 /* StateButtton.swift in Sources */,
				620C94762720A8FB001EA349 /* Hapday+NotificationName.swift in Sources */,
				620C946B2720A8FB001EA349 /* Hapday+CGPoint.swift in Sources */,
				620C94E62721A9B0001EA349 /* SplashViewModel.swift in Sources */,
				6213069927295BF500FD5220 /* MonitorBoardingCell.swift in Sources */,
				620C94722720A8FB001EA349 /* HapDay+View.swift in Sources */,
				620C947E2720A922001EA349 /* UserDefaultsProperyWrapper.swift in Sources */,
				62DA6AFB272694090070C832 /* MonitorBoardingViewModel.swift in Sources */,
				620C94EB2721AB5F001EA349 /* KeychainStore.swift in Sources */,
				6291901B272C27F200C4C0DE /* StudentRepository.swift in Sources */,
				62DA6ABB27260A9C0070C832 /* SelectBusViewModel.swift in Sources */,
				620C94702720A8FB001EA349 /* HapDay+Collection.swift in Sources */,
				62DA6AA9272536620070C832 /* AuthResponse.swift in Sources */,
				620C94912720AA20001EA349 /* Interactor.swift in Sources */,
				620C94D22720BC7B001EA349 /* OvertouchButtom.swift in Sources */,
				620C94E82721A9B0001EA349 /* Splash+Public.swift in Sources */,
				620C94622720A8FB001EA349 /* Hapday+UITableView+Init.swift in Sources */,
				620C946C2720A8FB001EA349 /* Hapday+CGSize.swift in Sources */,
				620C948D2720A9FA001EA349 /* API.swift in Sources */,
				62DA6AC327260E140070C832 /* BusRepository.swift in Sources */,
				62DA6AB02725388E0070C832 /* DefaultSessionManager.swift in Sources */,
				620C949A2720AA4F001EA349 /* Coordinator.swift in Sources */,
				62DA6AE9272693B70070C832 /* DashboardViewModel.swift in Sources */,
				620C94872720A98F001EA349 /* Validator.swift in Sources */,
				620C94F72721B8C8001EA349 /* SignInViewModel.swift in Sources */,
				620C94662720A8FB001EA349 /* HapDay+ViewController.swift in Sources */,
				62DA6B032726941F0070C832 /* RidersheepChangesViewModel.swift in Sources */,
				62130696272931A200FD5220 /* AddStudent+Public.swift in Sources */,
				62DA6B052726941F0070C832 /* RidersheepChanges+Public.swift in Sources */,
				620C94A52720AB84001EA349 /* PrimaryButton.swift in Sources */,
				62130689272899A800FD5220 /* MonitorBoardingRepository.swift in Sources */,
				62DA6AEA272693B70070C832 /* DashboardConfigurator.swift in Sources */,
				62DA6AF1272693DD0070C832 /* BusInspectionViewModel.swift in Sources */,
				620C94742720A8FB001EA349 /* HapDay+TextView.swift in Sources */,
				C70D377B2728A7F50080A49A /* SignUpViewModel.swift in Sources */,
				620C94372720A59E001EA349 /* CustomErrorCodes.swift in Sources */,
				628C0DCD2735615100954A88 /* LocationRepository.swift in Sources */,
				6213069E27297F1B00FD5220 /* TitleValueView.swift in Sources */,
				62130694272931A200FD5220 /* AddStudentViewModel.swift in Sources */,
				62DA6ADE27268D410070C832 /* ParentDriver+UIBarButtonItem.swift in Sources */,
				621306AA272C1DCD00FD5220 /* Action.swift in Sources */,
				62DA6AF0272693DD0070C832 /* BusInspectionViewController.swift in Sources */,
				628C0DCF273561A700954A88 /* WP+CLLocation.swift in Sources */,
				620C947F2720A922001EA349 /* UserDefaultValues.swift in Sources */,
				6291901F272C292500C4C0DE /* StudentInteractor.swift in Sources */,
				62DA6AAF2725388E0070C832 /* MainSessionManager.swift in Sources */,
				C70D37792728A7E40080A49A /* SignUpViewController.swift in Sources */,
				620C94782720A8FB001EA349 /* HapDay+Color.swift in Sources */,
				620C94642720A8FB001EA349 /* Hapday+UIButton.swift in Sources */,
				620C94D02720BC31001EA349 /* TextField.swift in Sources */,
				620C94E72721A9B0001EA349 /* SplashConfigurator.swift in Sources */,
				6213069C27295CF700FD5220 /* MonitorBoardingUIModel.swift in Sources */,
				620C946F2720A8FB001EA349 /* Hapday+UIPangGetestureRecognizer.swift in Sources */,
				620C94CF2720BC31001EA349 /* TextFieldWithPicker.swift in Sources */,
				620C94ED2721ADED001EA349 /* Token.swift in Sources */,
				620C94EF2721B123001EA349 /* AuthCoordinator.swift in Sources */,
				620C94982720AA4F001EA349 /* WindowCoordinator.swift in Sources */,
				62DA6B022726941F0070C832 /* RidersheepChangesViewController.swift in Sources */,
				62DA6AE8272693B70070C832 /* DashboardViewController.swift in Sources */,
				620C946E2720A8FB001EA349 /* HapDay+ActivityIndicator.swift in Sources */,
				620C948B2720A9AB001EA349 /* DependencyProvider.swift in Sources */,
				62DA6AF2272693DD0070C832 /* BusInspectionConfigurator.swift in Sources */,
				62DA6AD7272681F90070C832 /* MenuConfigurator.swift in Sources */,
				620C94F62721B8C8001EA349 /* SignInViewController.swift in Sources */,
				6291901D272C287200C4C0DE /* Student.swift in Sources */,
				62130693272931A200FD5220 /* AddStudentViewController.swift in Sources */,
				620C946A2720A8FB001EA349 /* HapDay+String.swift in Sources */,
				620C94392720A5A6001EA349 /* AppConfig.swift in Sources */,
				620C94A62720AB84001EA349 /* ShadowView.swift in Sources */,
				620C94732720A8FB001EA349 /* Hapday+Optional.swift in Sources */,
				62DA6ABD27260A9C0070C832 /* SelectBus+Public.swift in Sources */,
				62DA6ABF27260D350070C832 /* Bus.swift in Sources */,
				620C94AF2720ABEC001EA349 /* FloatingTextField.swift in Sources */,
				620C947B2720A8FB001EA349 /* HapDay+View+Animation.swift in Sources */,
				62130687272898E100FD5220 /* MonitorBoardingRequests.swift in Sources */,
				620C94A42720AB84001EA349 /* BaseView.swift in Sources */,
				620C949E2720AA6A001EA349 /* AppCoordinator.swift in Sources */,
				C70D377F2728A8170080A49A /* SignUp+Public.swift in Sources */,
				62DA6AD5272681F90070C832 /* MenuViewController.swift in Sources */,
				62DA6AFD272694090070C832 /* MonitorBoarding+Public.swift in Sources */,
				62DA6ABA27260A9C0070C832 /* SelectBusViewController.swift in Sources */,
				62DA6ADC2726884B0070C832 /* NavigationHolderController.swift in Sources */,
				620C94CB2720B860001EA349 /* R.generated.swift in Sources */,
				628C0DCB2735612700954A88 /* LocationInteractor.swift in Sources */,
				620C94632720A8FB001EA349 /* HapDay+Loadable.swift in Sources */,
				62DA6AD6272681F90070C832 /* MenuViewModel.swift in Sources */,
				620C94772720A8FB001EA349 /* HapDay+Date.swift in Sources */,
				620C947A2720A8FB001EA349 /* HapDay+UIDevice.swift in Sources */,
				62DA6AB2272541D60070C832 /* AuthRequests.swift in Sources */,
				62DA6AAB272537090070C832 /* User.swift in Sources */,
				620C94352720A591001EA349 /* Defines.swift in Sources */,
				62C49EEF272527060008F239 /* AuthInteractor.swift in Sources */,
				62DA6B042726941F0070C832 /* RidersheepChangesConfigurator.swift in Sources */,
				62DA6AB4272542C10070C832 /* AuthRepository.swift in Sources */,
				620C94AD2720ABEC001EA349 /* FloatingTextField+Extensions.swift in Sources */,
				62DA6ADA272682410070C832 /* MenuItem.swift in Sources */,
				62DA6AFA272694090070C832 /* MonitorBoardingViewController.swift in Sources */,
				620C94C92720B858001EA349 /* ValidationInteractor.swift in Sources */,
				620C946D2720A8FB001EA349 /* Hapday+Int.swift in Sources */,
				620C948A2720A9AB001EA349 /* ServiceLocator.swift in Sources */,
				620C94852720A94A001EA349 /* RemoteStore+Combine.swift in Sources */,
				620C94AC2720ABEC001EA349 /* FloatingTextField+Type.swift in Sources */,
				620C94652720A8FB001EA349 /* HapDay+View+Blur.swift in Sources */,
				62DA6AEB272693B70070C832 /* Dashboard+Public.swift in Sources */,
				620C94F92721B8C8001EA349 /* SignIn+Public.swift in Sources */,
				620C94682720A8FB001EA349 /* HappyHabits+MVVM.swift in Sources */,
			);
			runOnlyForDeploymentPostprocessing = 0;
		};
/* End PBXSourcesBuildPhase section */

/* Begin PBXVariantGroup section */
		620C941E2720A404001EA349 /* LaunchScreen.storyboard */ = {
			isa = PBXVariantGroup;
			children = (
				620C941F2720A404001EA349 /* Base */,
			);
			name = LaunchScreen.storyboard;
			sourceTree = "<group>";
		};
		620C94C52720B32E001EA349 /* Localizable.strings */ = {
			isa = PBXVariantGroup;
			children = (
				620C94C42720B32E001EA349 /* en */,
			);
			name = Localizable.strings;
			sourceTree = "<group>";
		};
/* End PBXVariantGroup section */

/* Begin XCBuildConfiguration section */
		620C94222720A404001EA349 /* Debug */ = {
			isa = XCBuildConfiguration;
			buildSettings = {
				ALWAYS_SEARCH_USER_PATHS = NO;
				CLANG_ANALYZER_NONNULL = YES;
				CLANG_ANALYZER_NUMBER_OBJECT_CONVERSION = YES_AGGRESSIVE;
				CLANG_CXX_LANGUAGE_STANDARD = "gnu++17";
				CLANG_CXX_LIBRARY = "libc++";
				CLANG_ENABLE_MODULES = YES;
				CLANG_ENABLE_OBJC_ARC = YES;
				CLANG_ENABLE_OBJC_WEAK = YES;
				CLANG_WARN_BLOCK_CAPTURE_AUTORELEASING = YES;
				CLANG_WARN_BOOL_CONVERSION = YES;
				CLANG_WARN_COMMA = YES;
				CLANG_WARN_CONSTANT_CONVERSION = YES;
				CLANG_WARN_DEPRECATED_OBJC_IMPLEMENTATIONS = YES;
				CLANG_WARN_DIRECT_OBJC_ISA_USAGE = YES_ERROR;
				CLANG_WARN_DOCUMENTATION_COMMENTS = YES;
				CLANG_WARN_EMPTY_BODY = YES;
				CLANG_WARN_ENUM_CONVERSION = YES;
				CLANG_WARN_INFINITE_RECURSION = YES;
				CLANG_WARN_INT_CONVERSION = YES;
				CLANG_WARN_NON_LITERAL_NULL_CONVERSION = YES;
				CLANG_WARN_OBJC_IMPLICIT_RETAIN_SELF = YES;
				CLANG_WARN_OBJC_LITERAL_CONVERSION = YES;
				CLANG_WARN_OBJC_ROOT_CLASS = YES_ERROR;
				CLANG_WARN_QUOTED_INCLUDE_IN_FRAMEWORK_HEADER = YES;
				CLANG_WARN_RANGE_LOOP_ANALYSIS = YES;
				CLANG_WARN_STRICT_PROTOTYPES = YES;
				CLANG_WARN_SUSPICIOUS_MOVE = YES;
				CLANG_WARN_UNGUARDED_AVAILABILITY = YES_AGGRESSIVE;
				CLANG_WARN_UNREACHABLE_CODE = YES;
				CLANG_WARN__DUPLICATE_METHOD_MATCH = YES;
				COPY_PHASE_STRIP = NO;
				DEBUG_INFORMATION_FORMAT = dwarf;
				ENABLE_STRICT_OBJC_MSGSEND = YES;
				ENABLE_TESTABILITY = YES;
				GCC_C_LANGUAGE_STANDARD = gnu11;
				GCC_DYNAMIC_NO_PIC = NO;
				GCC_NO_COMMON_BLOCKS = YES;
				GCC_OPTIMIZATION_LEVEL = 0;
				GCC_PREPROCESSOR_DEFINITIONS = (
					"DEBUG=1",
					"$(inherited)",
				);
				GCC_WARN_64_TO_32_BIT_CONVERSION = YES;
				GCC_WARN_ABOUT_RETURN_TYPE = YES_ERROR;
				GCC_WARN_UNDECLARED_SELECTOR = YES;
				GCC_WARN_UNINITIALIZED_AUTOS = YES_AGGRESSIVE;
				GCC_WARN_UNUSED_FUNCTION = YES;
				GCC_WARN_UNUSED_VARIABLE = YES;
				IPHONEOS_DEPLOYMENT_TARGET = 13.0;
				MTL_ENABLE_DEBUG_INFO = INCLUDE_SOURCE;
				MTL_FAST_MATH = YES;
				ONLY_ACTIVE_ARCH = YES;
				SDKROOT = iphoneos;
				SWIFT_ACTIVE_COMPILATION_CONDITIONS = DEBUG;
				SWIFT_OPTIMIZATION_LEVEL = "-Onone";
			};
			name = Debug;
		};
		620C94232720A404001EA349 /* Release */ = {
			isa = XCBuildConfiguration;
			buildSettings = {
				ALWAYS_SEARCH_USER_PATHS = NO;
				CLANG_ANALYZER_NONNULL = YES;
				CLANG_ANALYZER_NUMBER_OBJECT_CONVERSION = YES_AGGRESSIVE;
				CLANG_CXX_LANGUAGE_STANDARD = "gnu++17";
				CLANG_CXX_LIBRARY = "libc++";
				CLANG_ENABLE_MODULES = YES;
				CLANG_ENABLE_OBJC_ARC = YES;
				CLANG_ENABLE_OBJC_WEAK = YES;
				CLANG_WARN_BLOCK_CAPTURE_AUTORELEASING = YES;
				CLANG_WARN_BOOL_CONVERSION = YES;
				CLANG_WARN_COMMA = YES;
				CLANG_WARN_CONSTANT_CONVERSION = YES;
				CLANG_WARN_DEPRECATED_OBJC_IMPLEMENTATIONS = YES;
				CLANG_WARN_DIRECT_OBJC_ISA_USAGE = YES_ERROR;
				CLANG_WARN_DOCUMENTATION_COMMENTS = YES;
				CLANG_WARN_EMPTY_BODY = YES;
				CLANG_WARN_ENUM_CONVERSION = YES;
				CLANG_WARN_INFINITE_RECURSION = YES;
				CLANG_WARN_INT_CONVERSION = YES;
				CLANG_WARN_NON_LITERAL_NULL_CONVERSION = YES;
				CLANG_WARN_OBJC_IMPLICIT_RETAIN_SELF = YES;
				CLANG_WARN_OBJC_LITERAL_CONVERSION = YES;
				CLANG_WARN_OBJC_ROOT_CLASS = YES_ERROR;
				CLANG_WARN_QUOTED_INCLUDE_IN_FRAMEWORK_HEADER = YES;
				CLANG_WARN_RANGE_LOOP_ANALYSIS = YES;
				CLANG_WARN_STRICT_PROTOTYPES = YES;
				CLANG_WARN_SUSPICIOUS_MOVE = YES;
				CLANG_WARN_UNGUARDED_AVAILABILITY = YES_AGGRESSIVE;
				CLANG_WARN_UNREACHABLE_CODE = YES;
				CLANG_WARN__DUPLICATE_METHOD_MATCH = YES;
				COPY_PHASE_STRIP = NO;
				DEBUG_INFORMATION_FORMAT = "dwarf-with-dsym";
				ENABLE_NS_ASSERTIONS = NO;
				ENABLE_STRICT_OBJC_MSGSEND = YES;
				GCC_C_LANGUAGE_STANDARD = gnu11;
				GCC_NO_COMMON_BLOCKS = YES;
				GCC_WARN_64_TO_32_BIT_CONVERSION = YES;
				GCC_WARN_ABOUT_RETURN_TYPE = YES_ERROR;
				GCC_WARN_UNDECLARED_SELECTOR = YES;
				GCC_WARN_UNINITIALIZED_AUTOS = YES_AGGRESSIVE;
				GCC_WARN_UNUSED_FUNCTION = YES;
				GCC_WARN_UNUSED_VARIABLE = YES;
				IPHONEOS_DEPLOYMENT_TARGET = 13.0;
				MTL_ENABLE_DEBUG_INFO = NO;
				MTL_FAST_MATH = YES;
				SDKROOT = iphoneos;
				SWIFT_COMPILATION_MODE = wholemodule;
				SWIFT_OPTIMIZATION_LEVEL = "-O";
				VALIDATE_PRODUCT = YES;
			};
			name = Release;
		};
		620C94252720A404001EA349 /* Debug */ = {
			isa = XCBuildConfiguration;
			baseConfigurationReference = EE443E0F431667697781C224 /* Pods-ParentDriver.debug.xcconfig */;
			buildSettings = {
				ASSETCATALOG_COMPILER_APPICON_NAME = AppIcon;
				ASSETCATALOG_COMPILER_GLOBAL_ACCENT_COLOR_NAME = AccentColor;
				CODE_SIGN_STYLE = Automatic;
				CURRENT_PROJECT_VERSION = 1;
				DEVELOPMENT_TEAM = 67CX2SU34L;
				GENERATE_INFOPLIST_FILE = YES;
				INFOPLIST_FILE = ParentDriver/Resources/Plists/Info.plist;
				INFOPLIST_KEY_UIApplicationSupportsIndirectInputEvents = YES;
				INFOPLIST_KEY_UILaunchStoryboardName = LaunchScreen;
				INFOPLIST_KEY_UISupportedInterfaceOrientations = UIInterfaceOrientationPortrait;
				INFOPLIST_KEY_UISupportedInterfaceOrientations_iPad = "UIInterfaceOrientationPortrait UIInterfaceOrientationPortraitUpsideDown UIInterfaceOrientationLandscapeLeft UIInterfaceOrientationLandscapeRight";
				INFOPLIST_KEY_UISupportedInterfaceOrientations_iPhone = "UIInterfaceOrientationPortrait UIInterfaceOrientationLandscapeLeft UIInterfaceOrientationLandscapeRight";
				IPHONEOS_DEPLOYMENT_TARGET = 13.0;
				LD_RUNPATH_SEARCH_PATHS = (
					"$(inherited)",
					"@executable_path/Frameworks",
				);
				MARKETING_VERSION = 1.0;
				PRODUCT_BUNDLE_IDENTIFIER = com.nft.driver.view.lt;
				PRODUCT_NAME = "$(TARGET_NAME)";
				SWIFT_EMIT_LOC_STRINGS = YES;
				SWIFT_VERSION = 5.0;
				TARGETED_DEVICE_FAMILY = 1;
			};
			name = Debug;
		};
		620C94262720A404001EA349 /* Release */ = {
			isa = XCBuildConfiguration;
			baseConfigurationReference = 613FBD22746F2933B3AB93C9 /* Pods-ParentDriver.release.xcconfig */;
			buildSettings = {
				ASSETCATALOG_COMPILER_APPICON_NAME = AppIcon;
				ASSETCATALOG_COMPILER_GLOBAL_ACCENT_COLOR_NAME = AccentColor;
				CODE_SIGN_STYLE = Automatic;
				CURRENT_PROJECT_VERSION = 1;
				DEVELOPMENT_TEAM = 67CX2SU34L;
				GENERATE_INFOPLIST_FILE = YES;
				INFOPLIST_FILE = ParentDriver/Resources/Plists/Info.plist;
				INFOPLIST_KEY_UIApplicationSupportsIndirectInputEvents = YES;
				INFOPLIST_KEY_UILaunchStoryboardName = LaunchScreen;
				INFOPLIST_KEY_UISupportedInterfaceOrientations = UIInterfaceOrientationPortrait;
				INFOPLIST_KEY_UISupportedInterfaceOrientations_iPad = "UIInterfaceOrientationPortrait UIInterfaceOrientationPortraitUpsideDown UIInterfaceOrientationLandscapeLeft UIInterfaceOrientationLandscapeRight";
				INFOPLIST_KEY_UISupportedInterfaceOrientations_iPhone = "UIInterfaceOrientationPortrait UIInterfaceOrientationLandscapeLeft UIInterfaceOrientationLandscapeRight";
				IPHONEOS_DEPLOYMENT_TARGET = 13.0;
				LD_RUNPATH_SEARCH_PATHS = (
					"$(inherited)",
					"@executable_path/Frameworks",
				);
				MARKETING_VERSION = 1.0;
				PRODUCT_BUNDLE_IDENTIFIER = com.nft.driver.view.lt;
				PRODUCT_NAME = "$(TARGET_NAME)";
				SWIFT_EMIT_LOC_STRINGS = YES;
				SWIFT_VERSION = 5.0;
				TARGETED_DEVICE_FAMILY = 1;
			};
			name = Release;
		};
/* End XCBuildConfiguration section */

/* Begin XCConfigurationList section */
		620C940B2720A401001EA349 /* Build configuration list for PBXProject "ParentDriver" */ = {
			isa = XCConfigurationList;
			buildConfigurations = (
				620C94222720A404001EA349 /* Debug */,
				620C94232720A404001EA349 /* Release */,
			);
			defaultConfigurationIsVisible = 0;
			defaultConfigurationName = Release;
		};
		620C94242720A404001EA349 /* Build configuration list for PBXNativeTarget "ParentDriver" */ = {
			isa = XCConfigurationList;
			buildConfigurations = (
				620C94252720A404001EA349 /* Debug */,
				620C94262720A404001EA349 /* Release */,
			);
			defaultConfigurationIsVisible = 0;
			defaultConfigurationName = Release;
		};
/* End XCConfigurationList section */

/* Begin XCRemoteSwiftPackageReference section */
		620C94B02720AD62001EA349 /* XCRemoteSwiftPackageReference "Repository" */ = {
			isa = XCRemoteSwiftPackageReference;
			repositoryURL = "https://github.com/dsay/Repository.git";
			requirement = {
				kind = upToNextMajorVersion;
				minimumVersion = 0.5.4;
			};
		};
		620C94B32720AE1B001EA349 /* XCRemoteSwiftPackageReference "IQKeyboardManager" */ = {
			isa = XCRemoteSwiftPackageReference;
			repositoryURL = "https://github.com/hackiftekhar/IQKeyboardManager.git";
			requirement = {
				kind = upToNextMajorVersion;
				minimumVersion = 6.0.0;
			};
		};
		620C94B62720AE40001EA349 /* XCRemoteSwiftPackageReference "SnapKit" */ = {
			isa = XCRemoteSwiftPackageReference;
			repositoryURL = "https://github.com/SnapKit/SnapKit.git";
			requirement = {
				kind = upToNextMajorVersion;
				minimumVersion = 5.0.0;
			};
		};
		620C94BE2720AF18001EA349 /* XCRemoteSwiftPackageReference "keychain-swift" */ = {
			isa = XCRemoteSwiftPackageReference;
			repositoryURL = "https://github.com/evgenyneu/keychain-swift.git";
			requirement = {
				branch = master;
				kind = branch;
			};
		};
		62DA6AC827267EA90070C832 /* XCRemoteSwiftPackageReference "SideMenu" */ = {
			isa = XCRemoteSwiftPackageReference;
			repositoryURL = "https://github.com/jonkykong/SideMenu.git";
			requirement = {
				kind = upToNextMajorVersion;
				minimumVersion = 6.0.0;
			};
		};
/* End XCRemoteSwiftPackageReference section */

/* Begin XCSwiftPackageProductDependency section */
		620C94B12720AD62001EA349 /* Repository */ = {
			isa = XCSwiftPackageProductDependency;
			package = 620C94B02720AD62001EA349 /* XCRemoteSwiftPackageReference "Repository" */;
			productName = Repository;
		};
		620C94B42720AE1B001EA349 /* IQKeyboardManagerSwift */ = {
			isa = XCSwiftPackageProductDependency;
			package = 620C94B32720AE1B001EA349 /* XCRemoteSwiftPackageReference "IQKeyboardManager" */;
			productName = IQKeyboardManagerSwift;
		};
		620C94B72720AE40001EA349 /* SnapKit */ = {
			isa = XCSwiftPackageProductDependency;
			package = 620C94B62720AE40001EA349 /* XCRemoteSwiftPackageReference "SnapKit" */;
			productName = SnapKit;
		};
		620C94BF2720AF19001EA349 /* KeychainSwift */ = {
			isa = XCSwiftPackageProductDependency;
			package = 620C94BE2720AF18001EA349 /* XCRemoteSwiftPackageReference "keychain-swift" */;
			productName = KeychainSwift;
		};
		62DA6AC927267EA90070C832 /* SideMenu */ = {
			isa = XCSwiftPackageProductDependency;
			package = 62DA6AC827267EA90070C832 /* XCRemoteSwiftPackageReference "SideMenu" */;
			productName = SideMenu;
		};
/* End XCSwiftPackageProductDependency section */
	};
	rootObject = 620C94082720A401001EA349 /* Project object */;
}
